// !$*UTF8*$!
{
	archiveVersion = 1;
	classes = {
	};
	objectVersion = 46;
	objects = {

/* Begin PBXBuildFile section */
		006D720819952D0A008149E2 /* AVFoundation.framework in Frameworks */ = {isa = PBXBuildFile; fileRef = 006D720619952D0A008149E2 /* AVFoundation.framework */; };
		006D720919952D0A008149E2 /* CoreMedia.framework in Frameworks */ = {isa = PBXBuildFile; fileRef = 006D720719952D0A008149E2 /* CoreMedia.framework */; };
		0091D8F90E81B9330029341E /* OpenGL.framework in Frameworks */ = {isa = PBXBuildFile; fileRef = 0091D8F80E81B9330029341E /* OpenGL.framework */; };
		00B784B30FF439BC000DE1D7 /* Accelerate.framework in Frameworks */ = {isa = PBXBuildFile; fileRef = 00B784AF0FF439BC000DE1D7 /* Accelerate.framework */; };
		00B784B40FF439BC000DE1D7 /* AudioToolbox.framework in Frameworks */ = {isa = PBXBuildFile; fileRef = 00B784B00FF439BC000DE1D7 /* AudioToolbox.framework */; };
		00B784B50FF439BC000DE1D7 /* AudioUnit.framework in Frameworks */ = {isa = PBXBuildFile; fileRef = 00B784B10FF439BC000DE1D7 /* AudioUnit.framework */; };
		00B784B60FF439BC000DE1D7 /* CoreAudio.framework in Frameworks */ = {isa = PBXBuildFile; fileRef = 00B784B20FF439BC000DE1D7 /* CoreAudio.framework */; };
		5323E6B20EAFCA74003A9687 /* CoreVideo.framework in Frameworks */ = {isa = PBXBuildFile; fileRef = 5323E6B10EAFCA74003A9687 /* CoreVideo.framework */; };
		5323E6B60EAFCA7E003A9687 /* QTKit.framework in Frameworks */ = {isa = PBXBuildFile; fileRef = 5323E6B50EAFCA7E003A9687 /* QTKit.framework */; };
		8D11072F0486CEB800E47090 /* Cocoa.framework in Frameworks */ = {isa = PBXBuildFile; fileRef = 1058C7A1FEA54F0111CA2CBB /* Cocoa.framework */; };
		9E4ABEBD1A09FF6A00AF2706 /* AppConsole.cpp in Sources */ = {isa = PBXBuildFile; fileRef = 9E4ABE9B1A09FF6A00AF2706 /* AppConsole.cpp */; };
		9E4ABEBE1A09FF6A00AF2706 /* CinderAppBase.cpp in Sources */ = {isa = PBXBuildFile; fileRef = 9E4ABE9D1A09FF6A00AF2706 /* CinderAppBase.cpp */; };
		9E4ABEBF1A09FF6A00AF2706 /* cinderjsApp.cpp in Sources */ = {isa = PBXBuildFile; fileRef = 9E4ABE9F1A09FF6A00AF2706 /* cinderjsApp.cpp */; };
		9E4ABEC01A09FF6A00AF2706 /* app.cpp in Sources */ = {isa = PBXBuildFile; fileRef = 9E4ABEA31A09FF6A00AF2706 /* app.cpp */; };
		9E4ABEC11A09FF6A00AF2706 /* batch.cpp in Sources */ = {isa = PBXBuildFile; fileRef = 9E4ABEA51A09FF6A00AF2706 /* batch.cpp */; };
		9E4ABEC21A09FF6A00AF2706 /* camera.cpp in Sources */ = {isa = PBXBuildFile; fileRef = 9E4ABEA71A09FF6A00AF2706 /* camera.cpp */; };
		9E4ABEC31A09FF6A00AF2706 /* console.cpp in Sources */ = {isa = PBXBuildFile; fileRef = 9E4ABEA91A09FF6A00AF2706 /* console.cpp */; };
		9E4ABEC41A09FF6A00AF2706 /* fs.cpp in Sources */ = {isa = PBXBuildFile; fileRef = 9E4ABEAB1A09FF6A00AF2706 /* fs.cpp */; };
		9E4ABEC51A09FF6A00AF2706 /* gl.cpp in Sources */ = {isa = PBXBuildFile; fileRef = 9E4ABEAD1A09FF6A00AF2706 /* gl.cpp */; };
		9E4ABEC61A09FF6A00AF2706 /* ray.cpp in Sources */ = {isa = PBXBuildFile; fileRef = 9E4ABEAF1A09FF6A00AF2706 /* ray.cpp */; };
		9E4ABEC71A09FF6A00AF2706 /* shader.cpp in Sources */ = {isa = PBXBuildFile; fileRef = 9E4ABEB11A09FF6A00AF2706 /* shader.cpp */; };
		9E4ABEC81A09FF6A00AF2706 /* text.cpp in Sources */ = {isa = PBXBuildFile; fileRef = 9E4ABEB31A09FF6A00AF2706 /* text.cpp */; };
		9E4ABEC91A09FF6A00AF2706 /* vm.cpp in Sources */ = {isa = PBXBuildFile; fileRef = 9E4ABEB51A09FF6A00AF2706 /* vm.cpp */; };
		9E4ABECA1A09FF6A00AF2706 /* StaticFactory.cpp in Sources */ = {isa = PBXBuildFile; fileRef = 9E4ABEB81A09FF6A00AF2706 /* StaticFactory.cpp */; };
		9E4ABECB1A09FF6A00AF2706 /* TextHelpers.cpp in Sources */ = {isa = PBXBuildFile; fileRef = 9E4ABEBB1A09FF6A00AF2706 /* TextHelpers.cpp */; };
		9E4ABECC1A09FF6A00AF2706 /* PipeModule.cpp in Sources */ = {isa = PBXBuildFile; fileRef = 9E4ABEBC1A09FF6A00AF2706 /* PipeModule.cpp */; };
		9E4ABED01A0A005400AF2706 /* CinderApp.icns in Resources */ = {isa = PBXBuildFile; fileRef = 9E4ABECF1A0A005400AF2706 /* CinderApp.icns */; };
		9E4ABED21A0A006900AF2706 /* Info.plist in Resources */ = {isa = PBXBuildFile; fileRef = 9E4ABED11A0A006900AF2706 /* Info.plist */; };
		9E4ABED41A0A007500AF2706 /* README.md in Sources */ = {isa = PBXBuildFile; fileRef = 9E4ABED31A0A007500AF2706 /* README.md */; };
		9E4ABEE91A0A008500AF2706 /* app.js in Resources */ = {isa = PBXBuildFile; fileRef = 9E4ABED61A0A008400AF2706 /* app.js */; };
		9E4ABEEA1A0A008500AF2706 /* assert.js in Resources */ = {isa = PBXBuildFile; fileRef = 9E4ABED71A0A008400AF2706 /* assert.js */; };
		9E4ABEEB1A0A008500AF2706 /* batch.js in Resources */ = {isa = PBXBuildFile; fileRef = 9E4ABED81A0A008400AF2706 /* batch.js */; };
		9E4ABEEC1A0A008500AF2706 /* camera.js in Resources */ = {isa = PBXBuildFile; fileRef = 9E4ABED91A0A008400AF2706 /* camera.js */; };
		9E4ABEED1A0A008500AF2706 /* cinder.js in Resources */ = {isa = PBXBuildFile; fileRef = 9E4ABEDA1A0A008400AF2706 /* cinder.js */; };
		9E4ABEEE1A0A008500AF2706 /* color.js in Resources */ = {isa = PBXBuildFile; fileRef = 9E4ABEDB1A0A008400AF2706 /* color.js */; };
		9E4ABEEF1A0A008500AF2706 /* console.js in Resources */ = {isa = PBXBuildFile; fileRef = 9E4ABEDC1A0A008500AF2706 /* console.js */; };
		9E4ABEF01A0A008500AF2706 /* default_main.js in Resources */ = {isa = PBXBuildFile; fileRef = 9E4ABEDD1A0A008500AF2706 /* default_main.js */; };
		9E4ABEF11A0A008500AF2706 /* events.js in Resources */ = {isa = PBXBuildFile; fileRef = 9E4ABEDE1A0A008500AF2706 /* events.js */; };
		9E4ABEF21A0A008500AF2706 /* fs.js in Resources */ = {isa = PBXBuildFile; fileRef = 9E4ABEDF1A0A008500AF2706 /* fs.js */; };
		9E4ABEF31A0A008500AF2706 /* gl.js in Resources */ = {isa = PBXBuildFile; fileRef = 9E4ABEE01A0A008500AF2706 /* gl.js */; };
		9E4ABEF41A0A008500AF2706 /* module.js in Resources */ = {isa = PBXBuildFile; fileRef = 9E4ABEE11A0A008500AF2706 /* module.js */; };
		9E4ABEF51A0A008500AF2706 /* path.js in Resources */ = {isa = PBXBuildFile; fileRef = 9E4ABEE21A0A008500AF2706 /* path.js */; };
		9E4ABEF61A0A008500AF2706 /* ray.js in Resources */ = {isa = PBXBuildFile; fileRef = 9E4ABEE31A0A008500AF2706 /* ray.js */; };
		9E4ABEF71A0A008500AF2706 /* shader.js in Resources */ = {isa = PBXBuildFile; fileRef = 9E4ABEE41A0A008500AF2706 /* shader.js */; };
		9E4ABEF81A0A008500AF2706 /* text.js in Resources */ = {isa = PBXBuildFile; fileRef = 9E4ABEE51A0A008500AF2706 /* text.js */; };
		9E4ABEF91A0A008500AF2706 /* timers.js in Resources */ = {isa = PBXBuildFile; fileRef = 9E4ABEE61A0A008500AF2706 /* timers.js */; };
		9E4ABEFA1A0A008500AF2706 /* util.js in Resources */ = {isa = PBXBuildFile; fileRef = 9E4ABEE71A0A008500AF2706 /* util.js */; };
		9E4ABEFB1A0A008500AF2706 /* vm.js in Resources */ = {isa = PBXBuildFile; fileRef = 9E4ABEE81A0A008500AF2706 /* vm.js */; };
		9E4ABF171A0A009100AF2706 /* cubes.js in Resources */ = {isa = PBXBuildFile; fileRef = 9E4ABF011A0A009100AF2706 /* cubes.js */; };
		9E4ABF1B1A0A009100AF2706 /* lines.js in Resources */ = {isa = PBXBuildFile; fileRef = 9E4ABF061A0A009100AF2706 /* lines.js */; };
		9E4ABF1C1A0A009100AF2706 /* particle.js in Resources */ = {isa = PBXBuildFile; fileRef = 9E4ABF071A0A009100AF2706 /* particle.js */; };
		9E4ABF1D1A0A009100AF2706 /* physics.js in Resources */ = {isa = PBXBuildFile; fileRef = 9E4ABF081A0A009100AF2706 /* physics.js */; };
		9E4ABF1E1A0A009100AF2706 /* ray_cam.js in Resources */ = {isa = PBXBuildFile; fileRef = 9E4ABF091A0A009100AF2706 /* ray_cam.js */; };
		9E4ABF1F1A0A009100AF2706 /* ray_camera.js in Resources */ = {isa = PBXBuildFile; fileRef = 9E4ABF0A1A0A009100AF2706 /* ray_camera.js */; };
		9E4ABF201A0A009100AF2706 /* ray_picking.js in Resources */ = {isa = PBXBuildFile; fileRef = 9E4ABF0B1A0A009100AF2706 /* ray_picking.js */; };
		9E4ABF211A0A009100AF2706 /* test.js in Resources */ = {isa = PBXBuildFile; fileRef = 9E4ABF0C1A0A009100AF2706 /* test.js */; };
		9E4ABF221A0A009100AF2706 /* js2c.py in Resources */ = {isa = PBXBuildFile; fileRef = 9E4ABF0E1A0A009100AF2706 /* js2c.py */; };
		9E4ABF231A0A009100AF2706 /* prebuild.sh in Resources */ = {isa = PBXBuildFile; fileRef = 9E4ABF0F1A0A009100AF2706 /* prebuild.sh */; };
/* End PBXBuildFile section */

/* Begin PBXFileReference section */
		006D720619952D0A008149E2 /* AVFoundation.framework */ = {isa = PBXFileReference; lastKnownFileType = wrapper.framework; name = AVFoundation.framework; path = System/Library/Frameworks/AVFoundation.framework; sourceTree = SDKROOT; };
		006D720719952D0A008149E2 /* CoreMedia.framework */ = {isa = PBXFileReference; lastKnownFileType = wrapper.framework; name = CoreMedia.framework; path = System/Library/Frameworks/CoreMedia.framework; sourceTree = SDKROOT; };
		0091D8F80E81B9330029341E /* OpenGL.framework */ = {isa = PBXFileReference; lastKnownFileType = wrapper.framework; name = OpenGL.framework; path = /System/Library/Frameworks/OpenGL.framework; sourceTree = "<absolute>"; };
		00B784AF0FF439BC000DE1D7 /* Accelerate.framework */ = {isa = PBXFileReference; lastKnownFileType = wrapper.framework; name = Accelerate.framework; path = System/Library/Frameworks/Accelerate.framework; sourceTree = SDKROOT; };
		00B784B00FF439BC000DE1D7 /* AudioToolbox.framework */ = {isa = PBXFileReference; lastKnownFileType = wrapper.framework; name = AudioToolbox.framework; path = System/Library/Frameworks/AudioToolbox.framework; sourceTree = SDKROOT; };
		00B784B10FF439BC000DE1D7 /* AudioUnit.framework */ = {isa = PBXFileReference; lastKnownFileType = wrapper.framework; name = AudioUnit.framework; path = System/Library/Frameworks/AudioUnit.framework; sourceTree = SDKROOT; };
		00B784B20FF439BC000DE1D7 /* CoreAudio.framework */ = {isa = PBXFileReference; lastKnownFileType = wrapper.framework; name = CoreAudio.framework; path = System/Library/Frameworks/CoreAudio.framework; sourceTree = SDKROOT; };
		1058C7A1FEA54F0111CA2CBB /* Cocoa.framework */ = {isa = PBXFileReference; lastKnownFileType = wrapper.framework; name = Cocoa.framework; path = /System/Library/Frameworks/Cocoa.framework; sourceTree = "<absolute>"; };
		29B97324FDCFA39411CA2CEA /* AppKit.framework */ = {isa = PBXFileReference; lastKnownFileType = wrapper.framework; name = AppKit.framework; path = /System/Library/Frameworks/AppKit.framework; sourceTree = "<absolute>"; };
		29B97325FDCFA39411CA2CEA /* Foundation.framework */ = {isa = PBXFileReference; lastKnownFileType = wrapper.framework; name = Foundation.framework; path = /System/Library/Frameworks/Foundation.framework; sourceTree = "<absolute>"; };
		5323E6B10EAFCA74003A9687 /* CoreVideo.framework */ = {isa = PBXFileReference; lastKnownFileType = wrapper.framework; name = CoreVideo.framework; path = /System/Library/Frameworks/CoreVideo.framework; sourceTree = "<absolute>"; };
		5323E6B50EAFCA7E003A9687 /* QTKit.framework */ = {isa = PBXFileReference; lastKnownFileType = wrapper.framework; name = QTKit.framework; path = /System/Library/Frameworks/QTKit.framework; sourceTree = "<absolute>"; };
		8D1107320486CEB800E47090 /* Cinderjs.app */ = {isa = PBXFileReference; explicitFileType = wrapper.application; includeInIndex = 0; path = Cinderjs.app; sourceTree = BUILT_PRODUCTS_DIR; };
		9E4ABE9B1A09FF6A00AF2706 /* AppConsole.cpp */ = {isa = PBXFileReference; fileEncoding = 4; lastKnownFileType = sourcecode.cpp.cpp; name = AppConsole.cpp; path = ../src/AppConsole.cpp; sourceTree = "<group>"; };
		9E4ABE9C1A09FF6A00AF2706 /* AppConsole.h */ = {isa = PBXFileReference; fileEncoding = 4; lastKnownFileType = sourcecode.c.h; name = AppConsole.h; path = ../src/AppConsole.h; sourceTree = "<group>"; };
		9E4ABE9D1A09FF6A00AF2706 /* CinderAppBase.cpp */ = {isa = PBXFileReference; fileEncoding = 4; lastKnownFileType = sourcecode.cpp.cpp; name = CinderAppBase.cpp; path = ../src/CinderAppBase.cpp; sourceTree = "<group>"; };
		9E4ABE9E1A09FF6A00AF2706 /* CinderAppBase.hpp */ = {isa = PBXFileReference; fileEncoding = 4; lastKnownFileType = sourcecode.cpp.h; name = CinderAppBase.hpp; path = ../src/CinderAppBase.hpp; sourceTree = "<group>"; };
		9E4ABE9F1A09FF6A00AF2706 /* cinderjsApp.cpp */ = {isa = PBXFileReference; fileEncoding = 4; lastKnownFileType = sourcecode.cpp.cpp; name = cinderjsApp.cpp; path = ../src/cinderjsApp.cpp; sourceTree = "<group>"; };
		9E4ABEA01A09FF6A00AF2706 /* cinderjsApp.hpp */ = {isa = PBXFileReference; fileEncoding = 4; lastKnownFileType = sourcecode.cpp.h; name = cinderjsApp.hpp; path = ../src/cinderjsApp.hpp; sourceTree = "<group>"; };
		9E4ABEA31A09FF6A00AF2706 /* app.cpp */ = {isa = PBXFileReference; fileEncoding = 4; lastKnownFileType = sourcecode.cpp.cpp; name = app.cpp; path = ../src/modules/app.cpp; sourceTree = "<group>"; };
		9E4ABEA41A09FF6A00AF2706 /* app.hpp */ = {isa = PBXFileReference; fileEncoding = 4; lastKnownFileType = sourcecode.cpp.h; path = app.hpp; sourceTree = "<group>"; };
		9E4ABEA51A09FF6A00AF2706 /* batch.cpp */ = {isa = PBXFileReference; fileEncoding = 4; lastKnownFileType = sourcecode.cpp.cpp; name = batch.cpp; path = ../src/modules/batch.cpp; sourceTree = "<group>"; };
		9E4ABEA61A09FF6A00AF2706 /* batch.hpp */ = {isa = PBXFileReference; fileEncoding = 4; lastKnownFileType = sourcecode.cpp.h; path = batch.hpp; sourceTree = "<group>"; };
		9E4ABEA71A09FF6A00AF2706 /* camera.cpp */ = {isa = PBXFileReference; fileEncoding = 4; lastKnownFileType = sourcecode.cpp.cpp; name = camera.cpp; path = ../src/modules/camera.cpp; sourceTree = "<group>"; };
		9E4ABEA81A09FF6A00AF2706 /* camera.hpp */ = {isa = PBXFileReference; fileEncoding = 4; lastKnownFileType = sourcecode.cpp.h; path = camera.hpp; sourceTree = "<group>"; };
		9E4ABEA91A09FF6A00AF2706 /* console.cpp */ = {isa = PBXFileReference; fileEncoding = 4; lastKnownFileType = sourcecode.cpp.cpp; name = console.cpp; path = ../src/modules/console.cpp; sourceTree = "<group>"; };
		9E4ABEAA1A09FF6A00AF2706 /* console.hpp */ = {isa = PBXFileReference; fileEncoding = 4; lastKnownFileType = sourcecode.cpp.h; path = console.hpp; sourceTree = "<group>"; };
		9E4ABEAB1A09FF6A00AF2706 /* fs.cpp */ = {isa = PBXFileReference; fileEncoding = 4; lastKnownFileType = sourcecode.cpp.cpp; name = fs.cpp; path = ../src/modules/fs.cpp; sourceTree = "<group>"; };
		9E4ABEAC1A09FF6A00AF2706 /* fs.hpp */ = {isa = PBXFileReference; fileEncoding = 4; lastKnownFileType = sourcecode.cpp.h; path = fs.hpp; sourceTree = "<group>"; };
		9E4ABEAD1A09FF6A00AF2706 /* gl.cpp */ = {isa = PBXFileReference; fileEncoding = 4; lastKnownFileType = sourcecode.cpp.cpp; name = gl.cpp; path = ../src/modules/gl.cpp; sourceTree = "<group>"; };
		9E4ABEAE1A09FF6A00AF2706 /* gl.hpp */ = {isa = PBXFileReference; fileEncoding = 4; lastKnownFileType = sourcecode.cpp.h; path = gl.hpp; sourceTree = "<group>"; };
		9E4ABEAF1A09FF6A00AF2706 /* ray.cpp */ = {isa = PBXFileReference; fileEncoding = 4; lastKnownFileType = sourcecode.cpp.cpp; name = ray.cpp; path = ../src/modules/ray.cpp; sourceTree = "<group>"; };
		9E4ABEB01A09FF6A00AF2706 /* ray.hpp */ = {isa = PBXFileReference; fileEncoding = 4; lastKnownFileType = sourcecode.cpp.h; path = ray.hpp; sourceTree = "<group>"; };
		9E4ABEB11A09FF6A00AF2706 /* shader.cpp */ = {isa = PBXFileReference; fileEncoding = 4; lastKnownFileType = sourcecode.cpp.cpp; name = shader.cpp; path = ../src/modules/shader.cpp; sourceTree = "<group>"; };
		9E4ABEB21A09FF6A00AF2706 /* shader.hpp */ = {isa = PBXFileReference; fileEncoding = 4; lastKnownFileType = sourcecode.cpp.h; path = shader.hpp; sourceTree = "<group>"; };
		9E4ABEB31A09FF6A00AF2706 /* text.cpp */ = {isa = PBXFileReference; fileEncoding = 4; lastKnownFileType = sourcecode.cpp.cpp; name = text.cpp; path = ../src/modules/text.cpp; sourceTree = "<group>"; };
		9E4ABEB41A09FF6A00AF2706 /* text.hpp */ = {isa = PBXFileReference; fileEncoding = 4; lastKnownFileType = sourcecode.cpp.h; path = text.hpp; sourceTree = "<group>"; };
		9E4ABEB51A09FF6A00AF2706 /* vm.cpp */ = {isa = PBXFileReference; fileEncoding = 4; lastKnownFileType = sourcecode.cpp.cpp; name = vm.cpp; path = ../src/modules/vm.cpp; sourceTree = "<group>"; };
		9E4ABEB61A09FF6A00AF2706 /* vm.hpp */ = {isa = PBXFileReference; fileEncoding = 4; lastKnownFileType = sourcecode.cpp.h; path = vm.hpp; sourceTree = "<group>"; };
		9E4ABEB71A09FF6A00AF2706 /* PipeModule.hpp */ = {isa = PBXFileReference; fileEncoding = 4; lastKnownFileType = sourcecode.cpp.h; name = PipeModule.hpp; path = ../src/PipeModule.hpp; sourceTree = "<group>"; };
		9E4ABEB81A09FF6A00AF2706 /* StaticFactory.cpp */ = {isa = PBXFileReference; fileEncoding = 4; lastKnownFileType = sourcecode.cpp.cpp; name = StaticFactory.cpp; path = ../src/StaticFactory.cpp; sourceTree = "<group>"; };
		9E4ABEB91A09FF6A00AF2706 /* StaticFactory.hpp */ = {isa = PBXFileReference; fileEncoding = 4; lastKnownFileType = sourcecode.cpp.h; name = StaticFactory.hpp; path = ../src/StaticFactory.hpp; sourceTree = "<group>"; };
		9E4ABEBB1A09FF6A00AF2706 /* TextHelpers.cpp */ = {isa = PBXFileReference; fileEncoding = 4; lastKnownFileType = sourcecode.cpp.cpp; path = TextHelpers.cpp; sourceTree = "<group>"; };
		9E4ABEBC1A09FF6A00AF2706 /* PipeModule.cpp */ = {isa = PBXFileReference; fileEncoding = 4; lastKnownFileType = sourcecode.cpp.cpp; name = PipeModule.cpp; path = ../src/PipeModule.cpp; sourceTree = "<group>"; };
		9E4ABECE1A09FFBE00AF2706 /* Resources.h */ = {isa = PBXFileReference; fileEncoding = 4; lastKnownFileType = sourcecode.c.h; name = Resources.h; path = ../include/Resources.h; sourceTree = "<group>"; };
		9E4ABECF1A0A005400AF2706 /* CinderApp.icns */ = {isa = PBXFileReference; lastKnownFileType = image.icns; name = CinderApp.icns; path = ../resources/CinderApp.icns; sourceTree = "<group>"; };
		9E4ABED11A0A006900AF2706 /* Info.plist */ = {isa = PBXFileReference; fileEncoding = 4; lastKnownFileType = text.plist.xml; path = Info.plist; sourceTree = "<group>"; };
		9E4ABED31A0A007500AF2706 /* README.md */ = {isa = PBXFileReference; fileEncoding = 4; lastKnownFileType = net.daringfireball.markdown; name = README.md; path = ../README.md; sourceTree = "<group>"; };
		9E4ABED61A0A008400AF2706 /* app.js */ = {isa = PBXFileReference; fileEncoding = 4; lastKnownFileType = sourcecode.javascript; path = app.js; sourceTree = "<group>"; };
		9E4ABED71A0A008400AF2706 /* assert.js */ = {isa = PBXFileReference; fileEncoding = 4; lastKnownFileType = sourcecode.javascript; path = assert.js; sourceTree = "<group>"; };
		9E4ABED81A0A008400AF2706 /* batch.js */ = {isa = PBXFileReference; fileEncoding = 4; lastKnownFileType = sourcecode.javascript; path = batch.js; sourceTree = "<group>"; };
		9E4ABED91A0A008400AF2706 /* camera.js */ = {isa = PBXFileReference; fileEncoding = 4; lastKnownFileType = sourcecode.javascript; path = camera.js; sourceTree = "<group>"; };
		9E4ABEDA1A0A008400AF2706 /* cinder.js */ = {isa = PBXFileReference; fileEncoding = 4; lastKnownFileType = sourcecode.javascript; path = cinder.js; sourceTree = "<group>"; };
		9E4ABEDB1A0A008400AF2706 /* color.js */ = {isa = PBXFileReference; fileEncoding = 4; lastKnownFileType = sourcecode.javascript; path = color.js; sourceTree = "<group>"; };
		9E4ABEDC1A0A008500AF2706 /* console.js */ = {isa = PBXFileReference; fileEncoding = 4; lastKnownFileType = sourcecode.javascript; path = console.js; sourceTree = "<group>"; };
		9E4ABEDD1A0A008500AF2706 /* default_main.js */ = {isa = PBXFileReference; fileEncoding = 4; lastKnownFileType = sourcecode.javascript; path = default_main.js; sourceTree = "<group>"; };
		9E4ABEDE1A0A008500AF2706 /* events.js */ = {isa = PBXFileReference; fileEncoding = 4; lastKnownFileType = sourcecode.javascript; path = events.js; sourceTree = "<group>"; };
		9E4ABEDF1A0A008500AF2706 /* fs.js */ = {isa = PBXFileReference; fileEncoding = 4; lastKnownFileType = sourcecode.javascript; path = fs.js; sourceTree = "<group>"; };
		9E4ABEE01A0A008500AF2706 /* gl.js */ = {isa = PBXFileReference; fileEncoding = 4; lastKnownFileType = sourcecode.javascript; path = gl.js; sourceTree = "<group>"; };
		9E4ABEE11A0A008500AF2706 /* module.js */ = {isa = PBXFileReference; fileEncoding = 4; lastKnownFileType = sourcecode.javascript; path = module.js; sourceTree = "<group>"; };
		9E4ABEE21A0A008500AF2706 /* path.js */ = {isa = PBXFileReference; fileEncoding = 4; lastKnownFileType = sourcecode.javascript; path = path.js; sourceTree = "<group>"; };
		9E4ABEE31A0A008500AF2706 /* ray.js */ = {isa = PBXFileReference; fileEncoding = 4; lastKnownFileType = sourcecode.javascript; path = ray.js; sourceTree = "<group>"; };
		9E4ABEE41A0A008500AF2706 /* shader.js */ = {isa = PBXFileReference; fileEncoding = 4; lastKnownFileType = sourcecode.javascript; path = shader.js; sourceTree = "<group>"; };
		9E4ABEE51A0A008500AF2706 /* text.js */ = {isa = PBXFileReference; fileEncoding = 4; lastKnownFileType = sourcecode.javascript; path = text.js; sourceTree = "<group>"; };
		9E4ABEE61A0A008500AF2706 /* timers.js */ = {isa = PBXFileReference; fileEncoding = 4; lastKnownFileType = sourcecode.javascript; path = timers.js; sourceTree = "<group>"; };
		9E4ABEE71A0A008500AF2706 /* util.js */ = {isa = PBXFileReference; fileEncoding = 4; lastKnownFileType = sourcecode.javascript; path = util.js; sourceTree = "<group>"; };
		9E4ABEE81A0A008500AF2706 /* vm.js */ = {isa = PBXFileReference; fileEncoding = 4; lastKnownFileType = sourcecode.javascript; path = vm.js; sourceTree = "<group>"; };
		9E4ABF011A0A009100AF2706 /* cubes.js */ = {isa = PBXFileReference; fileEncoding = 4; lastKnownFileType = sourcecode.javascript; path = cubes.js; sourceTree = "<group>"; };
		9E4ABF061A0A009100AF2706 /* lines.js */ = {isa = PBXFileReference; fileEncoding = 4; lastKnownFileType = sourcecode.javascript; path = lines.js; sourceTree = "<group>"; };
		9E4ABF071A0A009100AF2706 /* particle.js */ = {isa = PBXFileReference; fileEncoding = 4; lastKnownFileType = sourcecode.javascript; path = particle.js; sourceTree = "<group>"; };
		9E4ABF081A0A009100AF2706 /* physics.js */ = {isa = PBXFileReference; fileEncoding = 4; lastKnownFileType = sourcecode.javascript; path = physics.js; sourceTree = "<group>"; };
		9E4ABF091A0A009100AF2706 /* ray_cam.js */ = {isa = PBXFileReference; fileEncoding = 4; lastKnownFileType = sourcecode.javascript; path = ray_cam.js; sourceTree = "<group>"; };
		9E4ABF0A1A0A009100AF2706 /* ray_camera.js */ = {isa = PBXFileReference; fileEncoding = 4; lastKnownFileType = sourcecode.javascript; path = ray_camera.js; sourceTree = "<group>"; };
		9E4ABF0B1A0A009100AF2706 /* ray_picking.js */ = {isa = PBXFileReference; fileEncoding = 4; lastKnownFileType = sourcecode.javascript; path = ray_picking.js; sourceTree = "<group>"; };
		9E4ABF0C1A0A009100AF2706 /* test.js */ = {isa = PBXFileReference; fileEncoding = 4; lastKnownFileType = sourcecode.javascript; path = test.js; sourceTree = "<group>"; };
		9E4ABF0E1A0A009100AF2706 /* js2c.py */ = {isa = PBXFileReference; fileEncoding = 4; lastKnownFileType = text.script.python; path = js2c.py; sourceTree = "<group>"; };
		9E4ABF0F1A0A009100AF2706 /* prebuild.sh */ = {isa = PBXFileReference; fileEncoding = 4; lastKnownFileType = text.script.sh; path = prebuild.sh; sourceTree = "<group>"; };
/* End PBXFileReference section */

/* Begin PBXFrameworksBuildPhase section */
		8D11072E0486CEB800E47090 /* Frameworks */ = {
			isa = PBXFrameworksBuildPhase;
			buildActionMask = 2147483647;
			files = (
				006D720819952D0A008149E2 /* AVFoundation.framework in Frameworks */,
				006D720919952D0A008149E2 /* CoreMedia.framework in Frameworks */,
				8D11072F0486CEB800E47090 /* Cocoa.framework in Frameworks */,
				0091D8F90E81B9330029341E /* OpenGL.framework in Frameworks */,
				5323E6B20EAFCA74003A9687 /* CoreVideo.framework in Frameworks */,
				5323E6B60EAFCA7E003A9687 /* QTKit.framework in Frameworks */,
				00B784B30FF439BC000DE1D7 /* Accelerate.framework in Frameworks */,
				00B784B40FF439BC000DE1D7 /* AudioToolbox.framework in Frameworks */,
				00B784B50FF439BC000DE1D7 /* AudioUnit.framework in Frameworks */,
				00B784B60FF439BC000DE1D7 /* CoreAudio.framework in Frameworks */,
			);
			runOnlyForDeploymentPostprocessing = 0;
		};
/* End PBXFrameworksBuildPhase section */

/* Begin PBXGroup section */
		01B97315FEAEA392516A2CEA /* Blocks */ = {
			isa = PBXGroup;
			children = (
			);
			name = Blocks;
			sourceTree = "<group>";
		};
		080E96DDFE201D6D7F000001 /* Source */ = {
			isa = PBXGroup;
			children = (
				9E4ABEBA1A09FF6A00AF2706 /* utils */,
				9E4ABECD1A09FF7200AF2706 /* modules */,
				9E4ABE9F1A09FF6A00AF2706 /* cinderjsApp.cpp */,
				9E4ABE9B1A09FF6A00AF2706 /* AppConsole.cpp */,
				9E4ABE9D1A09FF6A00AF2706 /* CinderAppBase.cpp */,
				9E4ABEB81A09FF6A00AF2706 /* StaticFactory.cpp */,
				9E4ABEBC1A09FF6A00AF2706 /* PipeModule.cpp */,
			);
			name = Source;
			sourceTree = "<group>";
		};
		1058C7A0FEA54F0111CA2CBB /* Linked Frameworks */ = {
			isa = PBXGroup;
			children = (
				00B784AF0FF439BC000DE1D7 /* Accelerate.framework */,
				00B784B00FF439BC000DE1D7 /* AudioToolbox.framework */,
				00B784B10FF439BC000DE1D7 /* AudioUnit.framework */,
				00B784B20FF439BC000DE1D7 /* CoreAudio.framework */,
				5323E6B50EAFCA7E003A9687 /* QTKit.framework */,
				5323E6B10EAFCA74003A9687 /* CoreVideo.framework */,
				0091D8F80E81B9330029341E /* OpenGL.framework */,
				1058C7A1FEA54F0111CA2CBB /* Cocoa.framework */,
			);
			name = "Linked Frameworks";
			sourceTree = "<group>";
		};
		1058C7A2FEA54F0111CA2CBB /* Other Frameworks */ = {
			isa = PBXGroup;
			children = (
				29B97324FDCFA39411CA2CEA /* AppKit.framework */,
				29B97325FDCFA39411CA2CEA /* Foundation.framework */,
			);
			name = "Other Frameworks";
			sourceTree = "<group>";
		};
		19C28FACFE9D520D11CA2CBB /* Products */ = {
			isa = PBXGroup;
			children = (
				8D1107320486CEB800E47090 /* Cinderjs.app */,
			);
			name = Products;
			sourceTree = "<group>";
		};
		29B97314FDCFA39411CA2CEA /* Cinderjs */ = {
			isa = PBXGroup;
			children = (
				9E4ABEFC1A0A009100AF2706 /* examples */,
				9E4ABF0D1A0A009100AF2706 /* tools */,
				01B97315FEAEA392516A2CEA /* Blocks */,
				9E4ABED51A0A008400AF2706 /* lib */,
				29B97315FDCFA39411CA2CEA /* Headers */,
				080E96DDFE201D6D7F000001 /* Source */,
				29B97317FDCFA39411CA2CEA /* Resources */,
				29B97323FDCFA39411CA2CEA /* Frameworks */,
				19C28FACFE9D520D11CA2CBB /* Products */,
			);
			name = Cinderjs;
			sourceTree = "<group>";
		};
		29B97315FDCFA39411CA2CEA /* Headers */ = {
			isa = PBXGroup;
			children = (
				9E4ABEA21A09FF6A00AF2706 /* modules */,
				9E4ABE9C1A09FF6A00AF2706 /* AppConsole.h */,
				9E4ABE9E1A09FF6A00AF2706 /* CinderAppBase.hpp */,
				9E4ABEA01A09FF6A00AF2706 /* cinderjsApp.hpp */,
				9E4ABEB71A09FF6A00AF2706 /* PipeModule.hpp */,
				9E4ABEB91A09FF6A00AF2706 /* StaticFactory.hpp */,
				9E4ABECE1A09FFBE00AF2706 /* Resources.h */,
			);
			name = Headers;
			sourceTree = "<group>";
		};
		29B97317FDCFA39411CA2CEA /* Resources */ = {
			isa = PBXGroup;
			children = (
				9E4ABED31A0A007500AF2706 /* README.md */,
				9E4ABED11A0A006900AF2706 /* Info.plist */,
				9E4ABECF1A0A005400AF2706 /* CinderApp.icns */,
			);
			name = Resources;
			sourceTree = "<group>";
		};
		29B97323FDCFA39411CA2CEA /* Frameworks */ = {
			isa = PBXGroup;
			children = (
				006D720619952D0A008149E2 /* AVFoundation.framework */,
				006D720719952D0A008149E2 /* CoreMedia.framework */,
				1058C7A0FEA54F0111CA2CBB /* Linked Frameworks */,
				1058C7A2FEA54F0111CA2CBB /* Other Frameworks */,
			);
			name = Frameworks;
			sourceTree = "<group>";
		};
		9E4ABEA21A09FF6A00AF2706 /* modules */ = {
			isa = PBXGroup;
			children = (
				9E4ABEA41A09FF6A00AF2706 /* app.hpp */,
				9E4ABEA61A09FF6A00AF2706 /* batch.hpp */,
				9E4ABEA81A09FF6A00AF2706 /* camera.hpp */,
				9E4ABEAA1A09FF6A00AF2706 /* console.hpp */,
				9E4ABEAC1A09FF6A00AF2706 /* fs.hpp */,
				9E4ABEAE1A09FF6A00AF2706 /* gl.hpp */,
				9E4ABEB01A09FF6A00AF2706 /* ray.hpp */,
				9E4ABEB21A09FF6A00AF2706 /* shader.hpp */,
				9E4ABEB41A09FF6A00AF2706 /* text.hpp */,
				9E4ABEB61A09FF6A00AF2706 /* vm.hpp */,
			);
			name = modules;
			path = ../src/modules;
			sourceTree = "<group>";
		};
		9E4ABEBA1A09FF6A00AF2706 /* utils */ = {
			isa = PBXGroup;
			children = (
				9E4ABEBB1A09FF6A00AF2706 /* TextHelpers.cpp */,
			);
			name = utils;
			path = ../src/utils;
			sourceTree = "<group>";
		};
		9E4ABECD1A09FF7200AF2706 /* modules */ = {
			isa = PBXGroup;
			children = (
				9E4ABEA31A09FF6A00AF2706 /* app.cpp */,
				9E4ABEA51A09FF6A00AF2706 /* batch.cpp */,
				9E4ABEA71A09FF6A00AF2706 /* camera.cpp */,
				9E4ABEA91A09FF6A00AF2706 /* console.cpp */,
				9E4ABEAB1A09FF6A00AF2706 /* fs.cpp */,
				9E4ABEAD1A09FF6A00AF2706 /* gl.cpp */,
				9E4ABEAF1A09FF6A00AF2706 /* ray.cpp */,
				9E4ABEB11A09FF6A00AF2706 /* shader.cpp */,
				9E4ABEB31A09FF6A00AF2706 /* text.cpp */,
				9E4ABEB51A09FF6A00AF2706 /* vm.cpp */,
			);
			name = modules;
			sourceTree = "<group>";
		};
		9E4ABED51A0A008400AF2706 /* lib */ = {
			isa = PBXGroup;
			children = (
				9E4ABED61A0A008400AF2706 /* app.js */,
				9E4ABED71A0A008400AF2706 /* assert.js */,
				9E4ABED81A0A008400AF2706 /* batch.js */,
				9E4ABED91A0A008400AF2706 /* camera.js */,
				9E4ABEDA1A0A008400AF2706 /* cinder.js */,
				9E4ABEDB1A0A008400AF2706 /* color.js */,
				9E4ABEDC1A0A008500AF2706 /* console.js */,
				9E4ABEDD1A0A008500AF2706 /* default_main.js */,
				9E4ABEDE1A0A008500AF2706 /* events.js */,
				9E4ABEDF1A0A008500AF2706 /* fs.js */,
				9E4ABEE01A0A008500AF2706 /* gl.js */,
				9E4ABEE11A0A008500AF2706 /* module.js */,
				9E4ABEE21A0A008500AF2706 /* path.js */,
				9E4ABEE31A0A008500AF2706 /* ray.js */,
				9E4ABEE41A0A008500AF2706 /* shader.js */,
				9E4ABEE51A0A008500AF2706 /* text.js */,
				9E4ABEE61A0A008500AF2706 /* timers.js */,
				9E4ABEE71A0A008500AF2706 /* util.js */,
				9E4ABEE81A0A008500AF2706 /* vm.js */,
			);
			name = lib;
			path = ../lib;
			sourceTree = "<group>";
		};
		9E4ABEFC1A0A009100AF2706 /* examples */ = {
			isa = PBXGroup;
			children = (
				9E4ABF011A0A009100AF2706 /* cubes.js */,
				9E4ABF061A0A009100AF2706 /* lines.js */,
				9E4ABF071A0A009100AF2706 /* particle.js */,
				9E4ABF081A0A009100AF2706 /* physics.js */,
				9E4ABF091A0A009100AF2706 /* ray_cam.js */,
				9E4ABF0A1A0A009100AF2706 /* ray_camera.js */,
				9E4ABF0B1A0A009100AF2706 /* ray_picking.js */,
				9E4ABF0C1A0A009100AF2706 /* test.js */,
			);
			name = examples;
			path = ../examples;
			sourceTree = "<group>";
		};
		9E4ABF0D1A0A009100AF2706 /* tools */ = {
			isa = PBXGroup;
			children = (
				9E4ABF0E1A0A009100AF2706 /* js2c.py */,
				9E4ABF0F1A0A009100AF2706 /* prebuild.sh */,
			);
			name = tools;
			path = ../tools;
			sourceTree = "<group>";
		};
/* End PBXGroup section */

/* Begin PBXNativeTarget section */
		8D1107260486CEB800E47090 /* Cinderjs */ = {
			isa = PBXNativeTarget;
			buildConfigurationList = C01FCF4A08A954540054247B /* Build configuration list for PBXNativeTarget "Cinderjs" */;
			buildPhases = (
				9E4ABF271A0A01F600AF2706 /* ShellScript */,
				8D1107290486CEB800E47090 /* Resources */,
				8D11072C0486CEB800E47090 /* Sources */,
				8D11072E0486CEB800E47090 /* Frameworks */,
			);
			buildRules = (
			);
			dependencies = (
			);
			name = Cinderjs;
			productInstallPath = "$(HOME)/Applications";
			productName = Cinderjs;
			productReference = 8D1107320486CEB800E47090 /* Cinderjs.app */;
			productType = "com.apple.product-type.application";
		};
/* End PBXNativeTarget section */

/* Begin PBXProject section */
		29B97313FDCFA39411CA2CEA /* Project object */ = {
			isa = PBXProject;
			attributes = {
			};
			buildConfigurationList = C01FCF4E08A954540054247B /* Build configuration list for PBXProject "cinderjs" */;
			compatibilityVersion = "Xcode 3.2";
			developmentRegion = English;
			hasScannedForEncodings = 1;
			knownRegions = (
				English,
				Japanese,
				French,
				German,
			);
			mainGroup = 29B97314FDCFA39411CA2CEA /* Cinderjs */;
			projectDirPath = "";
			projectRoot = "";
			targets = (
				8D1107260486CEB800E47090 /* Cinderjs */,
			);
		};
/* End PBXProject section */

/* Begin PBXResourcesBuildPhase section */
		8D1107290486CEB800E47090 /* Resources */ = {
			isa = PBXResourcesBuildPhase;
			buildActionMask = 2147483647;
			files = (
				9E4ABF221A0A009100AF2706 /* js2c.py in Resources */,
				9E4ABEFA1A0A008500AF2706 /* util.js in Resources */,
				9E4ABEE91A0A008500AF2706 /* app.js in Resources */,
				9E4ABEEC1A0A008500AF2706 /* camera.js in Resources */,
				9E4ABF1D1A0A009100AF2706 /* physics.js in Resources */,
				9E4ABF211A0A009100AF2706 /* test.js in Resources */,
				9E4ABEEE1A0A008500AF2706 /* color.js in Resources */,
				9E4ABF171A0A009100AF2706 /* cubes.js in Resources */,
				9E4ABEF91A0A008500AF2706 /* timers.js in Resources */,
				9E4ABED21A0A006900AF2706 /* Info.plist in Resources */,
				9E4ABF231A0A009100AF2706 /* prebuild.sh in Resources */,
				9E4ABF1B1A0A009100AF2706 /* lines.js in Resources */,
				9E4ABEF31A0A008500AF2706 /* gl.js in Resources */,
				9E4ABEEA1A0A008500AF2706 /* assert.js in Resources */,
				9E4ABEF11A0A008500AF2706 /* events.js in Resources */,
				9E4ABF201A0A009100AF2706 /* ray_picking.js in Resources */,
				9E4ABF1C1A0A009100AF2706 /* particle.js in Resources */,
				9E4ABF1F1A0A009100AF2706 /* ray_camera.js in Resources */,
				9E4ABED01A0A005400AF2706 /* CinderApp.icns in Resources */,
				9E4ABF1E1A0A009100AF2706 /* ray_cam.js in Resources */,
				9E4ABEEF1A0A008500AF2706 /* console.js in Resources */,
				9E4ABEF51A0A008500AF2706 /* path.js in Resources */,
				9E4ABEF71A0A008500AF2706 /* shader.js in Resources */,
				9E4ABEF01A0A008500AF2706 /* default_main.js in Resources */,
				9E4ABEF41A0A008500AF2706 /* module.js in Resources */,
				9E4ABEFB1A0A008500AF2706 /* vm.js in Resources */,
				9E4ABEF21A0A008500AF2706 /* fs.js in Resources */,
				9E4ABEF61A0A008500AF2706 /* ray.js in Resources */,
				9E4ABEF81A0A008500AF2706 /* text.js in Resources */,
				9E4ABEEB1A0A008500AF2706 /* batch.js in Resources */,
				9E4ABEED1A0A008500AF2706 /* cinder.js in Resources */,
			);
			runOnlyForDeploymentPostprocessing = 0;
		};
/* End PBXResourcesBuildPhase section */

/* Begin PBXShellScriptBuildPhase section */
		9E4ABF271A0A01F600AF2706 /* ShellScript */ = {
			isa = PBXShellScriptBuildPhase;
			buildActionMask = 2147483647;
			files = (
			);
			inputPaths = (
			);
			outputPaths = (
			);
			runOnlyForDeploymentPostprocessing = 0;
			shellPath = /bin/sh;
			shellScript = ../tools/prebuild.sh;
		};
/* End PBXShellScriptBuildPhase section */

/* Begin PBXSourcesBuildPhase section */
		8D11072C0486CEB800E47090 /* Sources */ = {
			isa = PBXSourcesBuildPhase;
			buildActionMask = 2147483647;
			files = (
				9E4ABECA1A09FF6A00AF2706 /* StaticFactory.cpp in Sources */,
				9E4ABEC91A09FF6A00AF2706 /* vm.cpp in Sources */,
				9E4ABEC41A09FF6A00AF2706 /* fs.cpp in Sources */,
				9E4ABECC1A09FF6A00AF2706 /* PipeModule.cpp in Sources */,
				9E4ABEC71A09FF6A00AF2706 /* shader.cpp in Sources */,
				9E4ABEC81A09FF6A00AF2706 /* text.cpp in Sources */,
				9E4ABEBD1A09FF6A00AF2706 /* AppConsole.cpp in Sources */,
				9E4ABEC01A09FF6A00AF2706 /* app.cpp in Sources */,
				9E4ABEBE1A09FF6A00AF2706 /* CinderAppBase.cpp in Sources */,
				9E4ABEC61A09FF6A00AF2706 /* ray.cpp in Sources */,
				9E4ABEBF1A09FF6A00AF2706 /* cinderjsApp.cpp in Sources */,
				9E4ABED41A0A007500AF2706 /* README.md in Sources */,
				9E4ABEC21A09FF6A00AF2706 /* camera.cpp in Sources */,
				9E4ABECB1A09FF6A00AF2706 /* TextHelpers.cpp in Sources */,
				9E4ABEC31A09FF6A00AF2706 /* console.cpp in Sources */,
				9E4ABEC11A09FF6A00AF2706 /* batch.cpp in Sources */,
				9E4ABEC51A09FF6A00AF2706 /* gl.cpp in Sources */,
			);
			runOnlyForDeploymentPostprocessing = 0;
		};
/* End PBXSourcesBuildPhase section */

/* Begin XCBuildConfiguration section */
		C01FCF4B08A954540054247B /* Debug */ = {
			isa = XCBuildConfiguration;
			buildSettings = {
				CINDER_PATH = ../Cinder;
				COMBINE_HIDPI_IMAGES = YES;
				COPY_PHASE_STRIP = NO;
				DEAD_CODE_STRIPPING = YES;
				GCC_DYNAMIC_NO_PIC = NO;
				GCC_INLINES_ARE_PRIVATE_EXTERN = YES;
				GCC_OPTIMIZATION_LEVEL = 0;
				GCC_PRECOMPILE_PREFIX_HEADER = YES;
				GCC_PREFIX_HEADER = cinderjs_Prefix.pch;
				GCC_PREPROCESSOR_DEFINITIONS = (
					"DEBUG=1",
					"$(inherited)",
				);
				GCC_SYMBOLS_PRIVATE_EXTERN = NO;
				HEADER_SEARCH_PATHS = (
					"\"$(CINDER_PATH)/boost\"",
					"\"$(V8_PATH)\"",
				);
				INFOPLIST_FILE = Info.plist;
				INSTALL_PATH = "$(HOME)/Applications";
				OTHER_LDFLAGS = (
					"\"$(CINDER_PATH)/lib/libcinder_d.a\"",
					"\"$(V8_PATH_D)/libicudata.a\"",
					"\"$(V8_PATH_D)/libicui18n.a\"",
					"\"$(V8_PATH_D)/libicuuc.a\"",
					"\"$(V8_PATH_D)/libv8_snapshot.a\"",
					"\"$(V8_PATH_D)/libv8_libbase.a\"",
					"\"$(V8_PATH_D)/libv8_base.a\"",
					"\"$(V8_PATH_D)/libv8_libplatform.a\"",
				);
				PRODUCT_NAME = Cinderjs;
				SYMROOT = ./build;
				USER_HEADER_SEARCH_PATHS = "\"$(CINDER_PATH)/include\" ../include \"$(V8_PATH)/include\"";
				V8_PATH = ../v8;
				V8_PATH_D = ../v8/out/x64.debug;
				V8_PATH_R = ../v8/out/x64.release;
				WRAPPER_EXTENSION = app;
			};
			name = Debug;
		};
		C01FCF4C08A954540054247B /* Release */ = {
			isa = XCBuildConfiguration;
			buildSettings = {
				CINDER_PATH = ../Cinder;
				COMBINE_HIDPI_IMAGES = YES;
				DEAD_CODE_STRIPPING = YES;
				DEBUG_INFORMATION_FORMAT = "dwarf-with-dsym";
				GCC_FAST_MATH = YES;
				GCC_GENERATE_DEBUGGING_SYMBOLS = NO;
				GCC_INLINES_ARE_PRIVATE_EXTERN = YES;
				GCC_OPTIMIZATION_LEVEL = 3;
				GCC_PRECOMPILE_PREFIX_HEADER = YES;
				GCC_PREFIX_HEADER = cinderjs_Prefix.pch;
				GCC_SYMBOLS_PRIVATE_EXTERN = NO;
				HEADER_SEARCH_PATHS = (
					"\"$(CINDER_PATH)/boost\"",
					"\"$(V8_PATH)\"",
				);
				INFOPLIST_FILE = Info.plist;
				INSTALL_PATH = "$(HOME)/Applications";
				OTHER_LDFLAGS = (
					"\"$(CINDER_PATH)/lib/libcinder.a\"",
					"\"$(V8_PATH_R)/libicudata.a\"",
					"\"$(V8_PATH_R)/libicui18n.a\"",
					"\"$(V8_PATH_R)/libicuuc.a\"",
					"\"$(V8_PATH_R)/libv8_nosnapshot.a\"",
					"\"$(V8_PATH_R)/libv8_libbase.a\"",
					"\"$(V8_PATH_R)/libv8_base.a\"",
					"\"$(V8_PATH_R)/libv8_libplatform.a\"",
				);
				PRODUCT_NAME = Cinderjs;
				STRIP_INSTALLED_PRODUCT = YES;
				SYMROOT = ./build;
				USER_HEADER_SEARCH_PATHS = "\"$(CINDER_PATH)/include\" ../include \"$(V8_PATH)/include\"";
				V8_PATH = ../v8;
				V8_PATH_D = ../v8/out/x64.debug;
				V8_PATH_R = ../v8/out/x64.release;
				WRAPPER_EXTENSION = app;
			};
			name = Release;
		};
		C01FCF4F08A954540054247B /* Debug */ = {
			isa = XCBuildConfiguration;
			buildSettings = {
				ALWAYS_SEARCH_USER_PATHS = NO;
				ARCHS = x86_64;
				CINDER_PATH = ../../../..;
				CLANG_CXX_LANGUAGE_STANDARD = "c++0x";
				CLANG_CXX_LIBRARY = "libc++";
				GCC_WARN_ABOUT_RETURN_TYPE = YES;
				GCC_WARN_UNUSED_VARIABLE = YES;
				HEADER_SEARCH_PATHS = "\"$(CINDER_PATH)/boost\"";
				MACOSX_DEPLOYMENT_TARGET = 10.8;
				SDKROOT = macosx;
				USER_HEADER_SEARCH_PATHS = "\"$(CINDER_PATH)/include\" ../include";
			};
			name = Debug;
		};
		C01FCF5008A954540054247B /* Release */ = {
			isa = XCBuildConfiguration;
			buildSettings = {
				ALWAYS_SEARCH_USER_PATHS = NO;
				ARCHS = x86_64;
				CINDER_PATH = ../../../..;
				CLANG_CXX_LANGUAGE_STANDARD = "c++0x";
				CLANG_CXX_LIBRARY = "libc++";
				GCC_WARN_ABOUT_RETURN_TYPE = YES;
				GCC_WARN_UNUSED_VARIABLE = YES;
				HEADER_SEARCH_PATHS = "\"$(CINDER_PATH)/boost\"";
				MACOSX_DEPLOYMENT_TARGET = 10.8;
				SDKROOT = macosx;
				USER_HEADER_SEARCH_PATHS = "\"$(CINDER_PATH)/include\" ../include";
			};
			name = Release;
		};
/* End XCBuildConfiguration section */

/* Begin XCConfigurationList section */
		C01FCF4A08A954540054247B /* Build configuration list for PBXNativeTarget "Cinderjs" */ = {
			isa = XCConfigurationList;
			buildConfigurations = (
				C01FCF4B08A954540054247B /* Debug */,
				C01FCF4C08A954540054247B /* Release */,
			);
			defaultConfigurationIsVisible = 0;
			defaultConfigurationName = Release;
		};
		C01FCF4E08A954540054247B /* Build configuration list for PBXProject "cinderjs" */ = {
			isa = XCConfigurationList;
			buildConfigurations = (
				C01FCF4F08A954540054247B /* Debug */,
				C01FCF5008A954540054247B /* Release */,
			);
			defaultConfigurationIsVisible = 0;
			defaultConfigurationName = Release;
		};
/* End XCConfigurationList section */
	};
	rootObject = 29B97313FDCFA39411CA2CEA /* Project object */;
}
