// !$*UTF8*$!
{
	archiveVersion = 1;
	classes = {
	};
	objectVersion = 46;
	objects = {

/* Begin PBXBuildFile section */
		0091D8F90E81B9330029341E /* OpenGL.framework in Frameworks */ = {isa = PBXBuildFile; fileRef = 0091D8F80E81B9330029341E /* OpenGL.framework */; };
		00B784B30FF439BC000DE1D7 /* Accelerate.framework in Frameworks */ = {isa = PBXBuildFile; fileRef = 00B784AF0FF439BC000DE1D7 /* Accelerate.framework */; };
		00B784B40FF439BC000DE1D7 /* AudioToolbox.framework in Frameworks */ = {isa = PBXBuildFile; fileRef = 00B784B00FF439BC000DE1D7 /* AudioToolbox.framework */; };
		00B784B50FF439BC000DE1D7 /* AudioUnit.framework in Frameworks */ = {isa = PBXBuildFile; fileRef = 00B784B10FF439BC000DE1D7 /* AudioUnit.framework */; };
		00B784B60FF439BC000DE1D7 /* CoreAudio.framework in Frameworks */ = {isa = PBXBuildFile; fileRef = 00B784B20FF439BC000DE1D7 /* CoreAudio.framework */; };
		5323E6B20EAFCA74003A9687 /* CoreVideo.framework in Frameworks */ = {isa = PBXBuildFile; fileRef = 5323E6B10EAFCA74003A9687 /* CoreVideo.framework */; };
		5323E6B60EAFCA7E003A9687 /* QTKit.framework in Frameworks */ = {isa = PBXBuildFile; fileRef = 5323E6B50EAFCA7E003A9687 /* QTKit.framework */; };
		69CC5FFAB4E1488598E5D024 /* cinderjsApp.cpp in Sources */ = {isa = PBXBuildFile; fileRef = B26520EF291B4336BEC87FD7 /* cinderjsApp.cpp */; };
		8D11072F0486CEB800E47090 /* Cocoa.framework in Frameworks */ = {isa = PBXBuildFile; fileRef = 1058C7A1FEA54F0111CA2CBB /* Cocoa.framework */; };
		9E0BDE1019F803330036038F /* vm.cpp in Sources */ = {isa = PBXBuildFile; fileRef = 9E0BDE0E19F803330036038F /* vm.cpp */; };
		9E0BDE1319F954530036038F /* timers.js in Resources */ = {isa = PBXBuildFile; fileRef = 9E0BDE1219F954530036038F /* timers.js */; };
		9E7F710A19EDDF22002DDCFF /* README.md in Resources */ = {isa = PBXBuildFile; fileRef = 9EAF080819EDC4C600C02F65 /* README.md */; };
		9E7F710B19EDDF22002DDCFF /* CinderApp.icns in Resources */ = {isa = PBXBuildFile; fileRef = A16F000F7FC04E0DA0360B7B /* CinderApp.icns */; };
		9E7F710D19EDDF22002DDCFF /* cinderjsApp.cpp in Sources */ = {isa = PBXBuildFile; fileRef = B26520EF291B4336BEC87FD7 /* cinderjsApp.cpp */; };
		9E7F710F19EDDF22002DDCFF /* Cocoa.framework in Frameworks */ = {isa = PBXBuildFile; fileRef = 1058C7A1FEA54F0111CA2CBB /* Cocoa.framework */; };
		9E7F711019EDDF22002DDCFF /* OpenGL.framework in Frameworks */ = {isa = PBXBuildFile; fileRef = 0091D8F80E81B9330029341E /* OpenGL.framework */; };
		9E7F711119EDDF22002DDCFF /* CoreVideo.framework in Frameworks */ = {isa = PBXBuildFile; fileRef = 5323E6B10EAFCA74003A9687 /* CoreVideo.framework */; };
		9E7F711219EDDF22002DDCFF /* QTKit.framework in Frameworks */ = {isa = PBXBuildFile; fileRef = 5323E6B50EAFCA7E003A9687 /* QTKit.framework */; };
		9E7F711319EDDF22002DDCFF /* Accelerate.framework in Frameworks */ = {isa = PBXBuildFile; fileRef = 00B784AF0FF439BC000DE1D7 /* Accelerate.framework */; };
		9E7F711419EDDF22002DDCFF /* AudioToolbox.framework in Frameworks */ = {isa = PBXBuildFile; fileRef = 00B784B00FF439BC000DE1D7 /* AudioToolbox.framework */; };
		9E7F711519EDDF22002DDCFF /* AudioUnit.framework in Frameworks */ = {isa = PBXBuildFile; fileRef = 00B784B10FF439BC000DE1D7 /* AudioUnit.framework */; };
		9E7F711619EDDF22002DDCFF /* CoreAudio.framework in Frameworks */ = {isa = PBXBuildFile; fileRef = 00B784B20FF439BC000DE1D7 /* CoreAudio.framework */; };
		9E7F713319EE0C67002DDCFF /* libicui18n.dylib in Frameworks */ = {isa = PBXBuildFile; fileRef = 9E7F713019EE0C67002DDCFF /* libicui18n.dylib */; };
		9E7F713419EE0C67002DDCFF /* libicuuc.dylib in Frameworks */ = {isa = PBXBuildFile; fileRef = 9E7F713119EE0C67002DDCFF /* libicuuc.dylib */; };
		9E7F713519EE0C67002DDCFF /* libv8.dylib in Frameworks */ = {isa = PBXBuildFile; fileRef = 9E7F713219EE0C67002DDCFF /* libv8.dylib */; };
		9E9B3E3219F002C200291CDE /* AppConsole.cpp in Sources */ = {isa = PBXBuildFile; fileRef = 9E9B3E3019F002C200291CDE /* AppConsole.cpp */; };
		9E9B3E3C19F022C000291CDE /* app.cpp in Sources */ = {isa = PBXBuildFile; fileRef = 9E9B3E3819F022C000291CDE /* app.cpp */; };
		9E9B3E3D19F022C000291CDE /* gl.cpp in Sources */ = {isa = PBXBuildFile; fileRef = 9E9B3E3A19F022C000291CDE /* gl.cpp */; };
		9E9B3E4019F0233C00291CDE /* PipeModule.cpp in Sources */ = {isa = PBXBuildFile; fileRef = 9E9B3E3E19F0233C00291CDE /* PipeModule.cpp */; };
		9E9B3E4419F0390000291CDE /* console.cpp in Sources */ = {isa = PBXBuildFile; fileRef = 9E9B3E4219F0390000291CDE /* console.cpp */; };
		9EAF080919EDC4C600C02F65 /* README.md in Resources */ = {isa = PBXBuildFile; fileRef = 9EAF080819EDC4C600C02F65 /* README.md */; };
		9ED123BE19F6EB23007786A6 /* TextHelpers.cpp in Sources */ = {isa = PBXBuildFile; fileRef = 9ED123BD19F6EB23007786A6 /* TextHelpers.cpp */; };
		9ED123C119F6EE9F007786A6 /* utils.cpp in Sources */ = {isa = PBXBuildFile; fileRef = 9ED123BF19F6EE9F007786A6 /* utils.cpp */; };
		9ED123C419F72B02007786A6 /* cinder.js in Resources */ = {isa = PBXBuildFile; fileRef = 9ED123C319F72B02007786A6 /* cinder.js */; };
		9ED123C919F72D4F007786A6 /* test.js in Resources */ = {isa = PBXBuildFile; fileRef = 9ED123C819F72D4F007786A6 /* test.js */; };
		9ED123CB19F7309A007786A6 /* prebuild.sh in Resources */ = {isa = PBXBuildFile; fileRef = 9ED123CA19F7309A007786A6 /* prebuild.sh */; };
		9ED123CF19F78F85007786A6 /* path.js in Resources */ = {isa = PBXBuildFile; fileRef = 9ED123CE19F78F85007786A6 /* path.js */; };
		9ED123D119F7A43C007786A6 /* module.js in Resources */ = {isa = PBXBuildFile; fileRef = 9ED123D019F7A43C007786A6 /* module.js */; };
		9ED123D319F7A6AE007786A6 /* util.js in Resources */ = {isa = PBXBuildFile; fileRef = 9ED123D219F7A6AE007786A6 /* util.js */; };
		9ED123D719F7C84D007786A6 /* vm.js in Resources */ = {isa = PBXBuildFile; fileRef = 9ED123D519F7C84D007786A6 /* vm.js */; };
		9ED123D919F7C86A007786A6 /* fs.js in Resources */ = {isa = PBXBuildFile; fileRef = 9ED123D819F7C86A007786A6 /* fs.js */; };
		9ED123DB19F7DD02007786A6 /* assert.js in Resources */ = {isa = PBXBuildFile; fileRef = 9ED123DA19F7DD02007786A6 /* assert.js */; };
		9ED123DE19F7ED4E007786A6 /* fs.cpp in Sources */ = {isa = PBXBuildFile; fileRef = 9ED123DC19F7ED4E007786A6 /* fs.cpp */; };
		B6B86EEF243D496CAA6AC588 /* CinderApp.icns in Resources */ = {isa = PBXBuildFile; fileRef = A16F000F7FC04E0DA0360B7B /* CinderApp.icns */; };
/* End PBXBuildFile section */

/* Begin PBXFileReference section */
		0091D8F80E81B9330029341E /* OpenGL.framework */ = {isa = PBXFileReference; lastKnownFileType = wrapper.framework; name = OpenGL.framework; path = /System/Library/Frameworks/OpenGL.framework; sourceTree = "<absolute>"; };
		00B784AF0FF439BC000DE1D7 /* Accelerate.framework */ = {isa = PBXFileReference; lastKnownFileType = wrapper.framework; name = Accelerate.framework; path = System/Library/Frameworks/Accelerate.framework; sourceTree = SDKROOT; };
		00B784B00FF439BC000DE1D7 /* AudioToolbox.framework */ = {isa = PBXFileReference; lastKnownFileType = wrapper.framework; name = AudioToolbox.framework; path = System/Library/Frameworks/AudioToolbox.framework; sourceTree = SDKROOT; };
		00B784B10FF439BC000DE1D7 /* AudioUnit.framework */ = {isa = PBXFileReference; lastKnownFileType = wrapper.framework; name = AudioUnit.framework; path = System/Library/Frameworks/AudioUnit.framework; sourceTree = SDKROOT; };
		00B784B20FF439BC000DE1D7 /* CoreAudio.framework */ = {isa = PBXFileReference; lastKnownFileType = wrapper.framework; name = CoreAudio.framework; path = System/Library/Frameworks/CoreAudio.framework; sourceTree = SDKROOT; };
		1058C7A1FEA54F0111CA2CBB /* Cocoa.framework */ = {isa = PBXFileReference; lastKnownFileType = wrapper.framework; name = Cocoa.framework; path = /System/Library/Frameworks/Cocoa.framework; sourceTree = "<absolute>"; };
		24A9E79E5BC84C47B0A6A38B /* cinderjs_Prefix.pch */ = {isa = PBXFileReference; lastKnownFileType = "\"\""; path = cinderjs_Prefix.pch; sourceTree = "<group>"; };
		29B97324FDCFA39411CA2CEA /* AppKit.framework */ = {isa = PBXFileReference; lastKnownFileType = wrapper.framework; name = AppKit.framework; path = /System/Library/Frameworks/AppKit.framework; sourceTree = "<absolute>"; };
		29B97325FDCFA39411CA2CEA /* Foundation.framework */ = {isa = PBXFileReference; lastKnownFileType = wrapper.framework; name = Foundation.framework; path = /System/Library/Frameworks/Foundation.framework; sourceTree = "<absolute>"; };
		52FC3EB2615B476FB64B3AC3 /* Info.plist */ = {isa = PBXFileReference; lastKnownFileType = text.plist.xml; path = Info.plist; sourceTree = "<group>"; };
		5323E6B10EAFCA74003A9687 /* CoreVideo.framework */ = {isa = PBXFileReference; lastKnownFileType = wrapper.framework; name = CoreVideo.framework; path = /System/Library/Frameworks/CoreVideo.framework; sourceTree = "<absolute>"; };
		5323E6B50EAFCA7E003A9687 /* QTKit.framework */ = {isa = PBXFileReference; lastKnownFileType = wrapper.framework; name = QTKit.framework; path = /System/Library/Frameworks/QTKit.framework; sourceTree = "<absolute>"; };
		8D1107320486CEB800E47090 /* cinderjs.app */ = {isa = PBXFileReference; explicitFileType = wrapper.application; includeInIndex = 0; path = cinderjs.app; sourceTree = BUILT_PRODUCTS_DIR; };
		9E0BDE0E19F803330036038F /* vm.cpp */ = {isa = PBXFileReference; fileEncoding = 4; lastKnownFileType = sourcecode.cpp.cpp; name = vm.cpp; path = ../src/modules/vm.cpp; sourceTree = "<group>"; };
		9E0BDE0F19F803330036038F /* vm.hpp */ = {isa = PBXFileReference; fileEncoding = 4; lastKnownFileType = sourcecode.cpp.h; name = vm.hpp; path = ../src/modules/vm.hpp; sourceTree = "<group>"; };
		9E0BDE1119F915200036038F /* cinderjsApp.hpp */ = {isa = PBXFileReference; fileEncoding = 4; lastKnownFileType = sourcecode.cpp.h; name = cinderjsApp.hpp; path = ../src/cinderjsApp.hpp; sourceTree = "<group>"; };
		9E0BDE1219F954530036038F /* timers.js */ = {isa = PBXFileReference; fileEncoding = 4; lastKnownFileType = sourcecode.javascript; name = timers.js; path = ../lib/timers.js; sourceTree = "<group>"; };
		9E7F70F619EDD441002DDCFF /* libicudata.a */ = {isa = PBXFileReference; lastKnownFileType = archive.ar; name = libicudata.a; path = ../v8/xcodebuild/Release/libicudata.a; sourceTree = "<group>"; };
		9E7F70F719EDD441002DDCFF /* libicui18n.a */ = {isa = PBXFileReference; lastKnownFileType = archive.ar; name = libicui18n.a; path = ../v8/xcodebuild/Release/libicui18n.a; sourceTree = "<group>"; };
		9E7F70F819EDD441002DDCFF /* libicuuc.a */ = {isa = PBXFileReference; lastKnownFileType = archive.ar; name = libicuuc.a; path = ../v8/xcodebuild/Release/libicuuc.a; sourceTree = "<group>"; };
		9E7F70F919EDD441002DDCFF /* libv8_base.a */ = {isa = PBXFileReference; lastKnownFileType = archive.ar; name = libv8_base.a; path = ../v8/xcodebuild/Release/libv8_base.a; sourceTree = "<group>"; };
		9E7F70FA19EDD441002DDCFF /* libv8_libbase.a */ = {isa = PBXFileReference; lastKnownFileType = archive.ar; name = libv8_libbase.a; path = ../v8/xcodebuild/Release/libv8_libbase.a; sourceTree = "<group>"; };
		9E7F70FB19EDD441002DDCFF /* libv8_snapshot.a */ = {isa = PBXFileReference; lastKnownFileType = archive.ar; name = libv8_snapshot.a; path = ../v8/xcodebuild/Release/libv8_snapshot.a; sourceTree = "<group>"; };
		9E7F710219EDD462002DDCFF /* libgmock.a */ = {isa = PBXFileReference; lastKnownFileType = archive.ar; name = libgmock.a; path = ../v8/xcodebuild/Release/libgmock.a; sourceTree = "<group>"; };
		9E7F710319EDD462002DDCFF /* libgtest.a */ = {isa = PBXFileReference; lastKnownFileType = archive.ar; name = libgtest.a; path = ../v8/xcodebuild/Release/libgtest.a; sourceTree = "<group>"; };
		9E7F710419EDD462002DDCFF /* libv8_libplatform.a */ = {isa = PBXFileReference; lastKnownFileType = archive.ar; name = libv8_libplatform.a; path = ../v8/xcodebuild/Release/libv8_libplatform.a; sourceTree = "<group>"; };
		9E7F711A19EDDF22002DDCFF /* cinderjs copy.app */ = {isa = PBXFileReference; explicitFileType = wrapper.application; includeInIndex = 0; path = "cinderjs copy.app"; sourceTree = BUILT_PRODUCTS_DIR; };
		9E7F711B19EDDF23002DDCFF /* cinderjs copy-Info.plist */ = {isa = PBXFileReference; lastKnownFileType = text.plist.xml; name = "cinderjs copy-Info.plist"; path = "/Users/sebastian/Dropbox/+Projects/cinderjs/xcode/cinderjs copy-Info.plist"; sourceTree = "<absolute>"; };
		9E7F711C19EDE93B002DDCFF /* libc++.dylib */ = {isa = PBXFileReference; lastKnownFileType = "compiled.mach-o.dylib"; name = "libc++.dylib"; path = "usr/lib/libc++.dylib"; sourceTree = SDKROOT; };
		9E7F713019EE0C67002DDCFF /* libicui18n.dylib */ = {isa = PBXFileReference; lastKnownFileType = "compiled.mach-o.dylib"; name = libicui18n.dylib; path = ../v8/out/x64.release/libicui18n.dylib; sourceTree = "<group>"; };
		9E7F713119EE0C67002DDCFF /* libicuuc.dylib */ = {isa = PBXFileReference; lastKnownFileType = "compiled.mach-o.dylib"; name = libicuuc.dylib; path = ../v8/out/x64.release/libicuuc.dylib; sourceTree = "<group>"; };
		9E7F713219EE0C67002DDCFF /* libv8.dylib */ = {isa = PBXFileReference; lastKnownFileType = "compiled.mach-o.dylib"; name = libv8.dylib; path = ../v8/out/x64.release/libv8.dylib; sourceTree = "<group>"; };
		9E9877F119F1EA19002DC7C8 /* particle.js */ = {isa = PBXFileReference; fileEncoding = 4; lastKnownFileType = sourcecode.javascript; name = particle.js; path = ../examples/particle.js; sourceTree = "<group>"; };
		9E9B3E3019F002C200291CDE /* AppConsole.cpp */ = {isa = PBXFileReference; fileEncoding = 4; lastKnownFileType = sourcecode.cpp.cpp; name = AppConsole.cpp; path = ../src/AppConsole.cpp; sourceTree = "<group>"; };
		9E9B3E3119F002C200291CDE /* AppConsole.h */ = {isa = PBXFileReference; fileEncoding = 4; lastKnownFileType = sourcecode.c.h; name = AppConsole.h; path = ../src/AppConsole.h; sourceTree = "<group>"; };
		9E9B3E3819F022C000291CDE /* app.cpp */ = {isa = PBXFileReference; fileEncoding = 4; lastKnownFileType = sourcecode.cpp.cpp; name = app.cpp; path = ../src/modules/app.cpp; sourceTree = "<group>"; };
		9E9B3E3919F022C000291CDE /* app.hpp */ = {isa = PBXFileReference; fileEncoding = 4; lastKnownFileType = sourcecode.cpp.h; name = app.hpp; path = ../src/modules/app.hpp; sourceTree = "<group>"; };
		9E9B3E3A19F022C000291CDE /* gl.cpp */ = {isa = PBXFileReference; fileEncoding = 4; lastKnownFileType = sourcecode.cpp.cpp; name = gl.cpp; path = ../src/modules/gl.cpp; sourceTree = "<group>"; };
		9E9B3E3B19F022C000291CDE /* gl.hpp */ = {isa = PBXFileReference; fileEncoding = 4; lastKnownFileType = sourcecode.cpp.h; name = gl.hpp; path = ../src/modules/gl.hpp; sourceTree = "<group>"; };
		9E9B3E3E19F0233C00291CDE /* PipeModule.cpp */ = {isa = PBXFileReference; fileEncoding = 4; lastKnownFileType = sourcecode.cpp.cpp; name = PipeModule.cpp; path = ../src/PipeModule.cpp; sourceTree = "<group>"; };
		9E9B3E3F19F0233C00291CDE /* PipeModule.hpp */ = {isa = PBXFileReference; fileEncoding = 4; lastKnownFileType = sourcecode.cpp.h; name = PipeModule.hpp; path = ../src/PipeModule.hpp; sourceTree = "<group>"; };
		9E9B3E4119F0240C00291CDE /* CinderAppBase.hpp */ = {isa = PBXFileReference; fileEncoding = 4; lastKnownFileType = sourcecode.cpp.h; name = CinderAppBase.hpp; path = ../src/CinderAppBase.hpp; sourceTree = "<group>"; };
		9E9B3E4219F0390000291CDE /* console.cpp */ = {isa = PBXFileReference; fileEncoding = 4; lastKnownFileType = sourcecode.cpp.cpp; name = console.cpp; path = ../src/modules/console.cpp; sourceTree = "<group>"; };
		9E9B3E4319F0390000291CDE /* console.hpp */ = {isa = PBXFileReference; fileEncoding = 4; lastKnownFileType = sourcecode.cpp.h; name = console.hpp; path = ../src/modules/console.hpp; sourceTree = "<group>"; };
		9EAF080819EDC4C600C02F65 /* README.md */ = {isa = PBXFileReference; fileEncoding = 4; lastKnownFileType = text; name = README.md; path = ../README.md; sourceTree = "<group>"; };
		9ED123B719F61656007786A6 /* cubes.js */ = {isa = PBXFileReference; fileEncoding = 4; lastKnownFileType = sourcecode.javascript; name = cubes.js; path = ../examples/cubes.js; sourceTree = "<group>"; };
		9ED123BD19F6EB23007786A6 /* TextHelpers.cpp */ = {isa = PBXFileReference; fileEncoding = 4; lastKnownFileType = sourcecode.cpp.cpp; name = TextHelpers.cpp; path = ../src/utils/TextHelpers.cpp; sourceTree = "<group>"; };
		9ED123BF19F6EE9F007786A6 /* utils.cpp */ = {isa = PBXFileReference; fileEncoding = 4; lastKnownFileType = sourcecode.cpp.cpp; name = utils.cpp; path = ../src/modules/utils.cpp; sourceTree = "<group>"; };
		9ED123C019F6EE9F007786A6 /* utils.hpp */ = {isa = PBXFileReference; fileEncoding = 4; lastKnownFileType = sourcecode.cpp.h; name = utils.hpp; path = ../src/modules/utils.hpp; sourceTree = "<group>"; };
		9ED123C319F72B02007786A6 /* cinder.js */ = {isa = PBXFileReference; fileEncoding = 4; lastKnownFileType = sourcecode.javascript; name = cinder.js; path = ../lib/cinder.js; sourceTree = "<group>"; };
		9ED123C619F72B2B007786A6 /* js2c.py */ = {isa = PBXFileReference; fileEncoding = 4; lastKnownFileType = text.script.python; name = js2c.py; path = ../tools/js2c.py; sourceTree = "<group>"; };
		9ED123C819F72D4F007786A6 /* test.js */ = {isa = PBXFileReference; fileEncoding = 4; lastKnownFileType = sourcecode.javascript; name = test.js; path = ../examples/test.js; sourceTree = "<group>"; };
		9ED123CA19F7309A007786A6 /* prebuild.sh */ = {isa = PBXFileReference; fileEncoding = 4; lastKnownFileType = text.script.sh; name = prebuild.sh; path = ../tools/prebuild.sh; sourceTree = "<group>"; };
		9ED123CE19F78F85007786A6 /* path.js */ = {isa = PBXFileReference; fileEncoding = 4; lastKnownFileType = sourcecode.javascript; name = path.js; path = ../lib/path.js; sourceTree = "<group>"; };
		9ED123D019F7A43C007786A6 /* module.js */ = {isa = PBXFileReference; fileEncoding = 4; lastKnownFileType = sourcecode.javascript; name = module.js; path = ../lib/module.js; sourceTree = "<group>"; };
		9ED123D219F7A6AE007786A6 /* util.js */ = {isa = PBXFileReference; fileEncoding = 4; lastKnownFileType = sourcecode.javascript; name = util.js; path = ../lib/util.js; sourceTree = "<group>"; };
		9ED123D519F7C84D007786A6 /* vm.js */ = {isa = PBXFileReference; fileEncoding = 4; lastKnownFileType = sourcecode.javascript; name = vm.js; path = ../lib/vm.js; sourceTree = "<group>"; };
		9ED123D819F7C86A007786A6 /* fs.js */ = {isa = PBXFileReference; fileEncoding = 4; lastKnownFileType = sourcecode.javascript; name = fs.js; path = ../lib/fs.js; sourceTree = "<group>"; };
		9ED123DA19F7DD02007786A6 /* assert.js */ = {isa = PBXFileReference; fileEncoding = 4; lastKnownFileType = sourcecode.javascript; name = assert.js; path = ../lib/assert.js; sourceTree = "<group>"; };
		9ED123DC19F7ED4E007786A6 /* fs.cpp */ = {isa = PBXFileReference; fileEncoding = 4; lastKnownFileType = sourcecode.cpp.cpp; name = fs.cpp; path = ../src/modules/fs.cpp; sourceTree = "<group>"; };
		9ED123DD19F7ED4E007786A6 /* fs.hpp */ = {isa = PBXFileReference; fileEncoding = 4; lastKnownFileType = sourcecode.cpp.h; name = fs.hpp; path = ../src/modules/fs.hpp; sourceTree = "<group>"; };
		9EFB3A3A19F480BB00013216 /* lines.js */ = {isa = PBXFileReference; fileEncoding = 4; lastKnownFileType = sourcecode.javascript; name = lines.js; path = ../examples/lines.js; sourceTree = "<group>"; };
		A16F000F7FC04E0DA0360B7B /* CinderApp.icns */ = {isa = PBXFileReference; lastKnownFileType = image.icns; name = CinderApp.icns; path = ../resources/CinderApp.icns; sourceTree = "<group>"; };
		B26520EF291B4336BEC87FD7 /* cinderjsApp.cpp */ = {isa = PBXFileReference; lastKnownFileType = sourcecode.c.cpp; name = cinderjsApp.cpp; path = ../src/cinderjsApp.cpp; sourceTree = "<group>"; };
		BA220610E72E4B7FA515FBCC /* Resources.h */ = {isa = PBXFileReference; lastKnownFileType = sourcecode.c.h; name = Resources.h; path = ../include/Resources.h; sourceTree = "<group>"; };
/* End PBXFileReference section */

/* Begin PBXFrameworksBuildPhase section */
		8D11072E0486CEB800E47090 /* Frameworks */ = {
			isa = PBXFrameworksBuildPhase;
			buildActionMask = 2147483647;
			files = (
				8D11072F0486CEB800E47090 /* Cocoa.framework in Frameworks */,
				0091D8F90E81B9330029341E /* OpenGL.framework in Frameworks */,
				5323E6B20EAFCA74003A9687 /* CoreVideo.framework in Frameworks */,
				5323E6B60EAFCA7E003A9687 /* QTKit.framework in Frameworks */,
				00B784B30FF439BC000DE1D7 /* Accelerate.framework in Frameworks */,
				00B784B40FF439BC000DE1D7 /* AudioToolbox.framework in Frameworks */,
				00B784B50FF439BC000DE1D7 /* AudioUnit.framework in Frameworks */,
				00B784B60FF439BC000DE1D7 /* CoreAudio.framework in Frameworks */,
			);
			runOnlyForDeploymentPostprocessing = 0;
		};
		9E7F710E19EDDF22002DDCFF /* Frameworks */ = {
			isa = PBXFrameworksBuildPhase;
			buildActionMask = 2147483647;
			files = (
				9E7F713319EE0C67002DDCFF /* libicui18n.dylib in Frameworks */,
				9E7F713419EE0C67002DDCFF /* libicuuc.dylib in Frameworks */,
				9E7F713519EE0C67002DDCFF /* libv8.dylib in Frameworks */,
				9E7F710F19EDDF22002DDCFF /* Cocoa.framework in Frameworks */,
				9E7F711019EDDF22002DDCFF /* OpenGL.framework in Frameworks */,
				9E7F711119EDDF22002DDCFF /* CoreVideo.framework in Frameworks */,
				9E7F711219EDDF22002DDCFF /* QTKit.framework in Frameworks */,
				9E7F711319EDDF22002DDCFF /* Accelerate.framework in Frameworks */,
				9E7F711419EDDF22002DDCFF /* AudioToolbox.framework in Frameworks */,
				9E7F711519EDDF22002DDCFF /* AudioUnit.framework in Frameworks */,
				9E7F711619EDDF22002DDCFF /* CoreAudio.framework in Frameworks */,
			);
			runOnlyForDeploymentPostprocessing = 0;
		};
/* End PBXFrameworksBuildPhase section */

/* Begin PBXGroup section */
		01B97315FEAEA392516A2CEA /* Blocks */ = {
			isa = PBXGroup;
			children = (
			);
			name = Blocks;
			sourceTree = "<group>";
		};
		080E96DDFE201D6D7F000001 /* Source */ = {
			isa = PBXGroup;
			children = (
				9ED123BC19F6AAC7007786A6 /* utils */,
				9E9B3E3619F022A800291CDE /* modules */,
				B26520EF291B4336BEC87FD7 /* cinderjsApp.cpp */,
				9E9B3E3E19F0233C00291CDE /* PipeModule.cpp */,
				9E9B3E3019F002C200291CDE /* AppConsole.cpp */,
			);
			name = Source;
			sourceTree = "<group>";
		};
		1058C7A0FEA54F0111CA2CBB /* Linked Frameworks */ = {
			isa = PBXGroup;
			children = (
				00B784AF0FF439BC000DE1D7 /* Accelerate.framework */,
				00B784B00FF439BC000DE1D7 /* AudioToolbox.framework */,
				00B784B10FF439BC000DE1D7 /* AudioUnit.framework */,
				00B784B20FF439BC000DE1D7 /* CoreAudio.framework */,
				5323E6B50EAFCA7E003A9687 /* QTKit.framework */,
				5323E6B10EAFCA74003A9687 /* CoreVideo.framework */,
				0091D8F80E81B9330029341E /* OpenGL.framework */,
				1058C7A1FEA54F0111CA2CBB /* Cocoa.framework */,
			);
			name = "Linked Frameworks";
			sourceTree = "<group>";
		};
		1058C7A2FEA54F0111CA2CBB /* Other Frameworks */ = {
			isa = PBXGroup;
			children = (
				29B97324FDCFA39411CA2CEA /* AppKit.framework */,
				29B97325FDCFA39411CA2CEA /* Foundation.framework */,
			);
			name = "Other Frameworks";
			sourceTree = "<group>";
		};
		19C28FACFE9D520D11CA2CBB /* Products */ = {
			isa = PBXGroup;
			children = (
				8D1107320486CEB800E47090 /* cinderjs.app */,
				9E7F711A19EDDF22002DDCFF /* cinderjs copy.app */,
			);
			name = Products;
			sourceTree = "<group>";
		};
		29B97314FDCFA39411CA2CEA /* cinderjs */ = {
			isa = PBXGroup;
			children = (
				9ED123C519F72B08007786A6 /* tools */,
				9E9877F019F1EA06002DC7C8 /* examples */,
				9E9B3E3319F0121D00291CDE /* lib */,
				01B97315FEAEA392516A2CEA /* Blocks */,
				29B97315FDCFA39411CA2CEA /* Headers */,
				080E96DDFE201D6D7F000001 /* Source */,
				29B97317FDCFA39411CA2CEA /* Resources */,
				29B97323FDCFA39411CA2CEA /* Frameworks */,
				19C28FACFE9D520D11CA2CBB /* Products */,
				9E7F711B19EDDF23002DDCFF /* cinderjs copy-Info.plist */,
			);
			name = cinderjs;
			sourceTree = "<group>";
		};
		29B97315FDCFA39411CA2CEA /* Headers */ = {
			isa = PBXGroup;
			children = (
				9E9B3E3719F022B000291CDE /* modules */,
				9E0BDE1119F915200036038F /* cinderjsApp.hpp */,
				9E9B3E4119F0240C00291CDE /* CinderAppBase.hpp */,
				9E9B3E3119F002C200291CDE /* AppConsole.h */,
				9E9B3E3F19F0233C00291CDE /* PipeModule.hpp */,
				BA220610E72E4B7FA515FBCC /* Resources.h */,
				24A9E79E5BC84C47B0A6A38B /* cinderjs_Prefix.pch */,
			);
			name = Headers;
			sourceTree = "<group>";
		};
		29B97317FDCFA39411CA2CEA /* Resources */ = {
			isa = PBXGroup;
			children = (
				9EAF080819EDC4C600C02F65 /* README.md */,
				A16F000F7FC04E0DA0360B7B /* CinderApp.icns */,
				52FC3EB2615B476FB64B3AC3 /* Info.plist */,
			);
			name = Resources;
			sourceTree = "<group>";
		};
		29B97323FDCFA39411CA2CEA /* Frameworks */ = {
			isa = PBXGroup;
			children = (
				9E7F713019EE0C67002DDCFF /* libicui18n.dylib */,
				9E7F713119EE0C67002DDCFF /* libicuuc.dylib */,
				9E7F713219EE0C67002DDCFF /* libv8.dylib */,
				9E7F711C19EDE93B002DDCFF /* libc++.dylib */,
				9E7F710219EDD462002DDCFF /* libgmock.a */,
				9E7F710319EDD462002DDCFF /* libgtest.a */,
				9E7F710419EDD462002DDCFF /* libv8_libplatform.a */,
				9E7F70F619EDD441002DDCFF /* libicudata.a */,
				9E7F70F719EDD441002DDCFF /* libicui18n.a */,
				9E7F70F819EDD441002DDCFF /* libicuuc.a */,
				9E7F70F919EDD441002DDCFF /* libv8_base.a */,
				9E7F70FA19EDD441002DDCFF /* libv8_libbase.a */,
				9E7F70FB19EDD441002DDCFF /* libv8_snapshot.a */,
				1058C7A0FEA54F0111CA2CBB /* Linked Frameworks */,
				1058C7A2FEA54F0111CA2CBB /* Other Frameworks */,
			);
			name = Frameworks;
			sourceTree = "<group>";
		};
		9E9877F019F1EA06002DC7C8 /* examples */ = {
			isa = PBXGroup;
			children = (
				9ED123C819F72D4F007786A6 /* test.js */,
				9ED123B719F61656007786A6 /* cubes.js */,
				9EFB3A3A19F480BB00013216 /* lines.js */,
				9E9877F119F1EA19002DC7C8 /* particle.js */,
			);
			name = examples;
			sourceTree = "<group>";
		};
		9E9B3E3319F0121D00291CDE /* lib */ = {
			isa = PBXGroup;
			children = (
				9E0BDE1219F954530036038F /* timers.js */,
				9ED123DA19F7DD02007786A6 /* assert.js */,
				9ED123D819F7C86A007786A6 /* fs.js */,
				9ED123D519F7C84D007786A6 /* vm.js */,
				9ED123D219F7A6AE007786A6 /* util.js */,
				9ED123D019F7A43C007786A6 /* module.js */,
				9ED123CE19F78F85007786A6 /* path.js */,
				9ED123C319F72B02007786A6 /* cinder.js */,
			);
			name = lib;
			sourceTree = "<group>";
		};
		9E9B3E3619F022A800291CDE /* modules */ = {
			isa = PBXGroup;
			children = (
				9E0BDE0E19F803330036038F /* vm.cpp */,
				9ED123DC19F7ED4E007786A6 /* fs.cpp */,
				9ED123BF19F6EE9F007786A6 /* utils.cpp */,
				9E9B3E4219F0390000291CDE /* console.cpp */,
				9E9B3E3819F022C000291CDE /* app.cpp */,
				9E9B3E3A19F022C000291CDE /* gl.cpp */,
			);
			name = modules;
			sourceTree = "<group>";
		};
		9E9B3E3719F022B000291CDE /* modules */ = {
			isa = PBXGroup;
			children = (
				9E0BDE0F19F803330036038F /* vm.hpp */,
				9ED123DD19F7ED4E007786A6 /* fs.hpp */,
				9ED123C019F6EE9F007786A6 /* utils.hpp */,
				9E9B3E4319F0390000291CDE /* console.hpp */,
				9E9B3E3919F022C000291CDE /* app.hpp */,
				9E9B3E3B19F022C000291CDE /* gl.hpp */,
			);
			name = modules;
			sourceTree = "<group>";
		};
		9ED123BC19F6AAC7007786A6 /* utils */ = {
			isa = PBXGroup;
			children = (
				9ED123BD19F6EB23007786A6 /* TextHelpers.cpp */,
			);
			name = utils;
			sourceTree = "<group>";
		};
		9ED123C519F72B08007786A6 /* tools */ = {
			isa = PBXGroup;
			children = (
				9ED123CA19F7309A007786A6 /* prebuild.sh */,
				9ED123C619F72B2B007786A6 /* js2c.py */,
			);
			name = tools;
			sourceTree = "<group>";
		};
/* End PBXGroup section */

/* Begin PBXNativeTarget section */
		8D1107260486CEB800E47090 /* cinderjs */ = {
			isa = PBXNativeTarget;
			buildConfigurationList = C01FCF4A08A954540054247B /* Build configuration list for PBXNativeTarget "cinderjs" */;
			buildPhases = (
				9ED123C219F727C7007786A6 /* ShellScript */,
				8D1107290486CEB800E47090 /* Resources */,
				8D11072C0486CEB800E47090 /* Sources */,
				8D11072E0486CEB800E47090 /* Frameworks */,
			);
			buildRules = (
			);
			dependencies = (
			);
			name = cinderjs;
			productInstallPath = "$(HOME)/Applications";
			productName = cinderjs;
			productReference = 8D1107320486CEB800E47090 /* cinderjs.app */;
			productType = "com.apple.product-type.application";
		};
		9E7F710819EDDF22002DDCFF /* cinderjs static v8 */ = {
			isa = PBXNativeTarget;
			buildConfigurationList = 9E7F711719EDDF22002DDCFF /* Build configuration list for PBXNativeTarget "cinderjs static v8" */;
			buildPhases = (
				9E7F710919EDDF22002DDCFF /* Resources */,
				9E7F710C19EDDF22002DDCFF /* Sources */,
				9E7F710E19EDDF22002DDCFF /* Frameworks */,
			);
			buildRules = (
			);
			dependencies = (
			);
			name = "cinderjs static v8";
			productInstallPath = "$(HOME)/Applications";
			productName = cinderjs;
			productReference = 9E7F711A19EDDF22002DDCFF /* cinderjs copy.app */;
			productType = "com.apple.product-type.application";
		};
/* End PBXNativeTarget section */

/* Begin PBXProject section */
		29B97313FDCFA39411CA2CEA /* Project object */ = {
			isa = PBXProject;
			attributes = {
			};
			buildConfigurationList = C01FCF4E08A954540054247B /* Build configuration list for PBXProject "cinderjs" */;
			compatibilityVersion = "Xcode 3.2";
			developmentRegion = English;
			hasScannedForEncodings = 1;
			knownRegions = (
				English,
				Japanese,
				French,
				German,
			);
			mainGroup = 29B97314FDCFA39411CA2CEA /* cinderjs */;
			projectDirPath = "";
			projectRoot = "";
			targets = (
				8D1107260486CEB800E47090 /* cinderjs */,
				9E7F710819EDDF22002DDCFF /* cinderjs static v8 */,
			);
		};
/* End PBXProject section */

/* Begin PBXResourcesBuildPhase section */
		8D1107290486CEB800E47090 /* Resources */ = {
			isa = PBXResourcesBuildPhase;
			buildActionMask = 2147483647;
			files = (
				9ED123D319F7A6AE007786A6 /* util.js in Resources */,
				9EAF080919EDC4C600C02F65 /* README.md in Resources */,
				B6B86EEF243D496CAA6AC588 /* CinderApp.icns in Resources */,
				9ED123D719F7C84D007786A6 /* vm.js in Resources */,
				9ED123CB19F7309A007786A6 /* prebuild.sh in Resources */,
				9ED123D119F7A43C007786A6 /* module.js in Resources */,
				9ED123DB19F7DD02007786A6 /* assert.js in Resources */,
				9ED123CF19F78F85007786A6 /* path.js in Resources */,
				9E0BDE1319F954530036038F /* timers.js in Resources */,
				9ED123C919F72D4F007786A6 /* test.js in Resources */,
				9ED123C419F72B02007786A6 /* cinder.js in Resources */,
				9ED123D919F7C86A007786A6 /* fs.js in Resources */,
			);
			runOnlyForDeploymentPostprocessing = 0;
		};
		9E7F710919EDDF22002DDCFF /* Resources */ = {
			isa = PBXResourcesBuildPhase;
			buildActionMask = 2147483647;
			files = (
				9E7F710A19EDDF22002DDCFF /* README.md in Resources */,
				9E7F710B19EDDF22002DDCFF /* CinderApp.icns in Resources */,
			);
			runOnlyForDeploymentPostprocessing = 0;
		};
/* End PBXResourcesBuildPhase section */

/* Begin PBXShellScriptBuildPhase section */
		9ED123C219F727C7007786A6 /* ShellScript */ = {
			isa = PBXShellScriptBuildPhase;
			buildActionMask = 2147483647;
			files = (
			);
			inputPaths = (
			);
			outputPaths = (
			);
			runOnlyForDeploymentPostprocessing = 0;
			shellPath = /bin/sh;
			shellScript = ../tools/prebuild.sh;
		};
/* End PBXShellScriptBuildPhase section */

/* Begin PBXSourcesBuildPhase section */
		8D11072C0486CEB800E47090 /* Sources */ = {
			isa = PBXSourcesBuildPhase;
			buildActionMask = 2147483647;
			files = (
				9E0BDE1019F803330036038F /* vm.cpp in Sources */,
				9E9B3E4019F0233C00291CDE /* PipeModule.cpp in Sources */,
				9E9B3E3C19F022C000291CDE /* app.cpp in Sources */,
				69CC5FFAB4E1488598E5D024 /* cinderjsApp.cpp in Sources */,
				9ED123C119F6EE9F007786A6 /* utils.cpp in Sources */,
				9E9B3E4419F0390000291CDE /* console.cpp in Sources */,
				9ED123BE19F6EB23007786A6 /* TextHelpers.cpp in Sources */,
				9ED123DE19F7ED4E007786A6 /* fs.cpp in Sources */,
				9E9B3E3D19F022C000291CDE /* gl.cpp in Sources */,
				9E9B3E3219F002C200291CDE /* AppConsole.cpp in Sources */,
			);
			runOnlyForDeploymentPostprocessing = 0;
		};
		9E7F710C19EDDF22002DDCFF /* Sources */ = {
			isa = PBXSourcesBuildPhase;
			buildActionMask = 2147483647;
			files = (
				9E7F710D19EDDF22002DDCFF /* cinderjsApp.cpp in Sources */,
			);
			runOnlyForDeploymentPostprocessing = 0;
		};
/* End PBXSourcesBuildPhase section */

/* Begin XCBuildConfiguration section */
		9E7F711819EDDF22002DDCFF /* Debug */ = {
			isa = XCBuildConfiguration;
			buildSettings = {
				CINDER_PATH = ../../../../cinder;
				COMBINE_HIDPI_IMAGES = YES;
				COPY_PHASE_STRIP = NO;
				DEAD_CODE_STRIPPING = YES;
				GCC_DYNAMIC_NO_PIC = NO;
				GCC_INLINES_ARE_PRIVATE_EXTERN = YES;
				GCC_OPTIMIZATION_LEVEL = 0;
				GCC_PRECOMPILE_PREFIX_HEADER = YES;
				GCC_PREFIX_HEADER = cinderjs_Prefix.pch;
				GCC_PREPROCESSOR_DEFINITIONS = (
					"DEBUG=1",
					"$(inherited)",
				);
				GCC_SYMBOLS_PRIVATE_EXTERN = NO;
				HEADER_SEARCH_PATHS = (
					"\"$(CINDER_PATH)/boost\"",
					"\"$(V8_PATH)/include\"",
				);
				INFOPLIST_FILE = "cinderjs copy-Info.plist";
				INSTALL_PATH = "$(HOME)/Applications";
				LIBRARY_SEARCH_PATHS = (
					"$(inherited)",
					"/Users/sebastian/Dropbox/+Projects/cinderjs/v8/xcodebuild/Release",
					"/Users/sebastian/Dropbox/+Projects/cinderjs/v8/out/x64.release",
				);
				OTHER_LDFLAGS = "\"$(CINDER_PATH)/lib/libcinder_d.a\"";
				PRODUCT_NAME = "cinderjs copy";
				SYMROOT = ./build;
				USER_HEADER_SEARCH_PATHS = "\"$(CINDER_PATH)/include\" ../include \"$(V8_PATH)/include\"";
				V8_PATH = ../v8;
				V8_PATH_D = ../v8/out/native;
				V8_PATH_R = ../v8/out/native;
				WRAPPER_EXTENSION = app;
			};
			name = Debug;
		};
		9E7F711919EDDF22002DDCFF /* Release */ = {
			isa = XCBuildConfiguration;
			buildSettings = {
				CINDER_PATH = ../../../../cinder;
				COMBINE_HIDPI_IMAGES = YES;
				DEAD_CODE_STRIPPING = YES;
				DEBUG_INFORMATION_FORMAT = "dwarf-with-dsym";
				GCC_FAST_MATH = YES;
				GCC_GENERATE_DEBUGGING_SYMBOLS = NO;
				GCC_INLINES_ARE_PRIVATE_EXTERN = YES;
				GCC_OPTIMIZATION_LEVEL = 3;
				GCC_PRECOMPILE_PREFIX_HEADER = YES;
				GCC_PREFIX_HEADER = cinderjs_Prefix.pch;
				GCC_PREPROCESSOR_DEFINITIONS = (
					"NDEBUG=1",
					"$(inherited)",
				);
				GCC_SYMBOLS_PRIVATE_EXTERN = NO;
				HEADER_SEARCH_PATHS = (
					"\"$(CINDER_PATH)/boost\"",
					"\"$(V8_PATH)/include\"",
				);
				INFOPLIST_FILE = "cinderjs copy-Info.plist";
				INSTALL_PATH = "$(HOME)/Applications";
				LIBRARY_SEARCH_PATHS = (
					"$(inherited)",
					"/Users/sebastian/Dropbox/+Projects/cinderjs/v8/xcodebuild/Release",
					"/Users/sebastian/Dropbox/+Projects/cinderjs/v8/out/x64.release",
				);
				OTHER_LDFLAGS = "\"$(CINDER_PATH)/lib/libcinder.a\"";
				PRODUCT_NAME = "cinderjs copy";
				STRIP_INSTALLED_PRODUCT = YES;
				SYMROOT = ./build;
				USER_HEADER_SEARCH_PATHS = "\"$(CINDER_PATH)/include\" ../include \"$(V8_PATH)/include\"";
				V8_PATH = ../v8;
				V8_PATH_D = ../v8/out/native;
				V8_PATH_R = ../v8/out/native;
				WRAPPER_EXTENSION = app;
			};
			name = Release;
		};
		C01FCF4B08A954540054247B /* Debug */ = {
			isa = XCBuildConfiguration;
			buildSettings = {
				CINDER_PATH = ../Cinder;
				COMBINE_HIDPI_IMAGES = YES;
				COPY_PHASE_STRIP = NO;
				DEAD_CODE_STRIPPING = YES;
				GCC_DYNAMIC_NO_PIC = NO;
				GCC_INLINES_ARE_PRIVATE_EXTERN = YES;
				GCC_OPTIMIZATION_LEVEL = 0;
				GCC_PRECOMPILE_PREFIX_HEADER = YES;
				GCC_PREFIX_HEADER = cinderjs_Prefix.pch;
				GCC_PREPROCESSOR_DEFINITIONS = (
					"DEBUG=1",
					"$(inherited)",
				);
				GCC_SYMBOLS_PRIVATE_EXTERN = NO;
				HEADER_SEARCH_PATHS = (
					"\"$(CINDER_PATH)/boost\"",
					"\"$(V8_PATH)\"",
				);
				INFOPLIST_FILE = Info.plist;
				INSTALL_PATH = "$(HOME)/Applications";
				LIBRARY_SEARCH_PATHS = "$(inherited)";
				OTHER_LDFLAGS = (
					"\"$(CINDER_PATH)/lib/libcinder_d.a\"",
					"\"$(V8_PATH_D)/libicudata.a\"",
					"\"$(V8_PATH_D)/libicui18n.a\"",
					"\"$(V8_PATH_D)/libicuuc.a\"",
					"\"$(V8_PATH_D)/libv8_snapshot.a\"",
					"\"$(V8_PATH_D)/libv8_libbase.a\"",
					"\"$(V8_PATH_D)/libv8_base.a\"",
					"\"$(V8_PATH_D)/libv8_libplatform.a\"",
				);
				PRODUCT_NAME = cinderjs;
				SYMROOT = ./build;
				USER_HEADER_SEARCH_PATHS = "\"$(CINDER_PATH)/include\" ../include \"$(V8_PATH)/include\"";
				V8_PATH = ../v8;
				V8_PATH_D = ../v8/out/x64.debug;
				V8_PATH_R = ../v8/out/x64.release;
				WRAPPER_EXTENSION = app;
			};
			name = Debug;
		};
		C01FCF4C08A954540054247B /* Release */ = {
			isa = XCBuildConfiguration;
			buildSettings = {
				CINDER_PATH = ../Cinder;
				COMBINE_HIDPI_IMAGES = YES;
				DEAD_CODE_STRIPPING = YES;
				DEBUG_INFORMATION_FORMAT = "dwarf-with-dsym";
				GCC_FAST_MATH = YES;
				GCC_GENERATE_DEBUGGING_SYMBOLS = NO;
				GCC_INLINES_ARE_PRIVATE_EXTERN = YES;
				GCC_OPTIMIZATION_LEVEL = 3;
				GCC_PRECOMPILE_PREFIX_HEADER = YES;
				GCC_PREFIX_HEADER = cinderjs_Prefix.pch;
				GCC_PREPROCESSOR_DEFINITIONS = (
					"NDEBUG=1",
					"$(inherited)",
				);
				GCC_SYMBOLS_PRIVATE_EXTERN = NO;
				HEADER_SEARCH_PATHS = (
					"\"$(CINDER_PATH)/boost\"",
					"\"$(V8_PATH)\"",
				);
				INFOPLIST_FILE = Info.plist;
				INSTALL_PATH = "$(HOME)/Applications";
				LIBRARY_SEARCH_PATHS = "$(inherited)";
				OTHER_LDFLAGS = (
					"\"$(CINDER_PATH)/lib/libcinder.a\"",
					"\"$(V8_PATH_R)/libicudata.a\"",
					"\"$(V8_PATH_R)/libicui18n.a\"",
					"\"$(V8_PATH_R)/libicuuc.a\"",
					"\"$(V8_PATH_R)/libv8_nosnapshot.a\"",
					"\"$(V8_PATH_R)/libv8_libbase.a\"",
					"\"$(V8_PATH_R)/libv8_base.a\"",
					"\"$(V8_PATH_R)/libv8_libplatform.a\"",
				);
				PRODUCT_NAME = cinderjs;
				STRIP_INSTALLED_PRODUCT = YES;
				SYMROOT = ./build;
				USER_HEADER_SEARCH_PATHS = "\"$(CINDER_PATH)/include\" ../include \"$(V8_PATH)/include\"";
				V8_PATH = ../v8;
				V8_PATH_D = ../v8/out/x64.debug;
				V8_PATH_R = ../v8/out/x64.release;
				WRAPPER_EXTENSION = app;
			};
			name = Release;
		};
		C01FCF4F08A954540054247B /* Debug */ = {
			isa = XCBuildConfiguration;
			buildSettings = {
				ALWAYS_SEARCH_USER_PATHS = NO;
				ARCHS = "$(NATIVE_ARCH_ACTUAL)";
				CINDER_PATH = ../../../../../cinder;
				CLANG_CXX_LANGUAGE_STANDARD = "c++0x";
				CLANG_CXX_LIBRARY = "libc++";
				GCC_WARN_ABOUT_RETURN_TYPE = YES;
				GCC_WARN_UNUSED_VARIABLE = YES;
				HEADER_SEARCH_PATHS = "\"$(CINDER_PATH)/boost\"";
				MACOSX_DEPLOYMENT_TARGET = 10.7;
				ONLY_ACTIVE_ARCH = YES;
				SDKROOT = macosx;
				USER_HEADER_SEARCH_PATHS = "\"$(CINDER_PATH)/include\" ../include";
			};
			name = Debug;
		};
		C01FCF5008A954540054247B /* Release */ = {
			isa = XCBuildConfiguration;
			buildSettings = {
				ALWAYS_SEARCH_USER_PATHS = NO;
				ARCHS = "$(NATIVE_ARCH_ACTUAL)";
				CINDER_PATH = ../../../../../cinder;
				CLANG_CXX_LANGUAGE_STANDARD = "c++0x";
				CLANG_CXX_LIBRARY = "libc++";
				GCC_WARN_ABOUT_RETURN_TYPE = YES;
				GCC_WARN_UNUSED_VARIABLE = YES;
				HEADER_SEARCH_PATHS = "\"$(CINDER_PATH)/boost\"";
				MACOSX_DEPLOYMENT_TARGET = 10.7;
				SDKROOT = macosx;
				USER_HEADER_SEARCH_PATHS = "\"$(CINDER_PATH)/include\" ../include";
			};
			name = Release;
		};
/* End XCBuildConfiguration section */

/* Begin XCConfigurationList section */
		9E7F711719EDDF22002DDCFF /* Build configuration list for PBXNativeTarget "cinderjs static v8" */ = {
			isa = XCConfigurationList;
			buildConfigurations = (
				9E7F711819EDDF22002DDCFF /* Debug */,
				9E7F711919EDDF22002DDCFF /* Release */,
			);
			defaultConfigurationIsVisible = 0;
			defaultConfigurationName = Release;
		};
		C01FCF4A08A954540054247B /* Build configuration list for PBXNativeTarget "cinderjs" */ = {
			isa = XCConfigurationList;
			buildConfigurations = (
				C01FCF4B08A954540054247B /* Debug */,
				C01FCF4C08A954540054247B /* Release */,
			);
			defaultConfigurationIsVisible = 0;
			defaultConfigurationName = Release;
		};
		C01FCF4E08A954540054247B /* Build configuration list for PBXProject "cinderjs" */ = {
			isa = XCConfigurationList;
			buildConfigurations = (
				C01FCF4F08A954540054247B /* Debug */,
				C01FCF5008A954540054247B /* Release */,
			);
			defaultConfigurationIsVisible = 0;
			defaultConfigurationName = Release;
		};
/* End XCConfigurationList section */
	};
	rootObject = 29B97313FDCFA39411CA2CEA /* Project object */;
}
